---
lockfileVersion: 1
lockfileVendor: redhat
arches:
  - arch: aarch64
    packages:
      - url: https://cdn-ubi.redhat.com/content/public/ubi/dist/ubi9/9/aarch64/appstream/os/Packages/c/cpp-11.5.0-14.el9.aarch64.rpm
        repoid: ubi-9-for-aarch64-appstream-rpms
        size: 10798392
        checksum: sha256:eb16ef369b981c0dca6149e971a63f74ea09c09f1c638086e3cda1e0591ac21b
        name: cpp
        evr: 11.5.0-14.el9
        sourcerpm: gcc-11.5.0-14.el9.src.rpm
      - url: https://cdn-ubi.redhat.com/content/public/ubi/dist/ubi9/9/aarch64/appstream/os/Packages/g/gcc-11.5.0-14.el9.aarch64.rpm
        repoid: ubi-9-for-aarch64-appstream-rpms
        size: 31291354
        checksum: sha256:542e635ac17b548cc03ab4347438d49f96837c1d91d12714b6b2764ec566156c
        name: gcc
        evr: 11.5.0-14.el9
        sourcerpm: gcc-11.5.0-14.el9.src.rpm
      - url: https://cdn-ubi.redhat.com/content/public/ubi/dist/ubi9/9/aarch64/appstream/os/Packages/g/gcc-c++-11.5.0-14.el9.aarch64.rpm
        repoid: ubi-9-for-aarch64-appstream-rpms
        size: 12994215
        checksum: sha256:aabe892798a2272d65c269fd6aa14d3b3dfc782c98f92f8fda30c2a4fa33bf6d
        name: gcc-c++
        evr: 11.5.0-14.el9
        sourcerpm: gcc-11.5.0-14.el9.src.rpm
      - url: https://cdn-ubi.redhat.com/content/public/ubi/dist/ubi9/9/aarch64/appstream/os/Packages/g/glibc-devel-2.34-272.el9_8.aarch64.rpm
        repoid: ubi-9-for-aarch64-appstream-rpms
        size: 577070
        checksum: sha256:3d76e7f2892d66c767a065524df5592f8fa75f44fa5f2e371b2a366d63c18de4
        name: glibc-devel
        evr: 2.34-272.el9_8
        sourcerpm: glibc-2.34-272.el9_8.src.rpm
      - url: https://cdn-ubi.redhat.com/content/public/ubi/dist/ubi9/9/aarch64/appstream/os/Packages/k/kernel-headers-5.14.0-687.20.1.el9_8.aarch64.rpm
        repoid: ubi-9-for-aarch64-appstream-rpms
        size: 2847337
        checksum: sha256:9d68e24b43ce1fa494c04aeda9bde9544d6947a8d9edaf6e0f4a6398b8f79cec
        name: kernel-headers
        evr: 5.14.0-687.20.1.el9_8
        sourcerpm: kernel-5.14.0-687.20.1.el9_8.src.rpm
      - url: https://cdn-ubi.redhat.com/content/public/ubi/dist/ubi9/9/aarch64/appstream/os/Packages/l/libasan-11.5.0-14.el9.aarch64.rpm
        repoid: ubi-9-for-aarch64-appstream-rpms
        size: 409047
        checksum: sha256:854a84e72d40c2a062d112b93f8a694044fd7dc5b3afe7a869a448a12844c3e6
        name: libasan
        evr: 11.5.0-14.el9
        sourcerpm: gcc-11.5.0-14.el9.src.rpm
      - url: https://cdn-ubi.redhat.com/content/public/ubi/dist/ubi9/9/aarch64/appstream/os/Packages/l/libmpc-1.2.1-4.el9.aarch64.rpm
        repoid: ubi-9-for-aarch64-appstream-rpms
        size: 67120
        checksum: sha256:3763354a5f45d886f9976eec20eb34f8afc2144c69ffba07de546f2820893c70
        name: libmpc
        evr: 1.2.1-4.el9
        sourcerpm: libmpc-1.2.1-4.el9.src.rpm
      - url: https://cdn-ubi.redhat.com/content/public/ubi/dist/ubi9/9/aarch64/appstream/os/Packages/l/libnsl2-2.0.0-1.el9.aarch64.rpm
        repoid: ubi-9-for-aarch64-appstream-rpms
        size: 32849
        checksum: sha256:5b38c8b55dbfc549271617e132d2d98ceaa9ca30711f73edd8b39a6af689de27
        name: libnsl2
        evr: 2.0.0-1.el9
        sourcerpm: libnsl2-2.0.0-1.el9.src.rpm
      - url: https://cdn-ubi.redhat.com/content/public/ubi/dist/ubi9/9/aarch64/appstream/os/Packages/l/libstdc++-devel-11.5.0-14.el9.aarch64.rpm
        repoid: ubi-9-for-aarch64-appstream-rpms
        size: 2520018
        checksum: sha256:5a2474c2e817b008212e5a94770d8bfbaad17e9ebba2a38d734907e594ac2aac
        name: libstdc++-devel
        evr: 11.5.0-14.el9
        sourcerpm: gcc-11.5.0-14.el9.src.rpm
      - url: https://cdn-ubi.redhat.com/content/public/ubi/dist/ubi9/9/aarch64/appstream/os/Packages/l/libubsan-11.5.0-14.el9.aarch64.rpm
        repoid: ubi-9-for-aarch64-appstream-rpms
        size: 178996
        checksum: sha256:d0adfda8f1d8ddf05a46292228e31cf887d731e7999154603e148e3d70d1f182
        name: libubsan
        evr: 11.5.0-14.el9
        sourcerpm: gcc-11.5.0-14.el9.src.rpm
      - url: https://cdn-ubi.redhat.com/content/public/ubi/dist/ubi9/9/aarch64/appstream/os/Packages/l/libxcrypt-devel-4.4.18-3.el9.aarch64.rpm
        repoid: ubi-9-for-aarch64-appstream-rpms
        size: 33051
        checksum: sha256:9d621f33df35b9c274b8d65457d6c67fc1522b6c62cf7b2341a4a99f39a93507
        name: libxcrypt-devel
        evr: 4.4.18-3.el9
        sourcerpm: libxcrypt-4.4.18-3.el9.src.rpm
      - url: https://cdn-ubi.redhat.com/content/public/ubi/dist/ubi9/9/aarch64/appstream/os/Packages/m/mpdecimal-2.5.1-3.el9.aarch64.rpm
        repoid: ubi-9-for-aarch64-appstream-rpms
        size: 92062
        checksum: sha256:6bdb76d4bb510b0e435698a46a09d0849fb07b2f53c00239e8989d8f141d1d14
        name: mpdecimal
        evr: 2.5.1-3.el9
        sourcerpm: mpdecimal-2.5.1-3.el9.src.rpm
      - url: https://cdn-ubi.redhat.com/content/public/ubi/dist/ubi9/9/aarch64/appstream/os/Packages/p/python3.11-3.11.13-10.el9_8.aarch64.rpm
        repoid: ubi-9-for-aarch64-appstream-rpms
        size: 32079
        checksum: sha256:26c2d7d2c7a76e3bcb0bf8d2640beebd55ca31b1924ab6f4f4afdd50666c86a9
        name: python3.11
        evr: 3.11.13-10.el9_8
        sourcerpm: python3.11-3.11.13-10.el9_8.src.rpm
      - url: https://cdn-ubi.redhat.com/content/public/ubi/dist/ubi9/9/aarch64/appstream/os/Packages/p/python3.11-devel-3.11.13-10.el9_8.aarch64.rpm
        repoid: ubi-9-for-aarch64-appstream-rpms
        size: 290251
        checksum: sha256:f8e6f80cc9f3d3846c7f9963fb8190508c034396f76462fc5c938485e259d972
        name: python3.11-devel
        evr: 3.11.13-10.el9_8
        sourcerpm: python3.11-3.11.13-10.el9_8.src.rpm
      - url: https://cdn-ubi.redhat.com/content/public/ubi/dist/ubi9/9/aarch64/appstream/os/Packages/p/python3.11-libs-3.11.13-10.el9_8.aarch64.rpm
        repoid: ubi-9-for-aarch64-appstream-rpms
        size: 10690490
        checksum: sha256:4405c45a6fa7e992dd3db0719b1fadb5d38771f854ede80f9f416b3331a82c37
        name: python3.11-libs
        evr: 3.11.13-10.el9_8
        sourcerpm: python3.11-3.11.13-10.el9_8.src.rpm
      - url: https://cdn-ubi.redhat.com/content/public/ubi/dist/ubi9/9/aarch64/appstream/os/Packages/p/python3.11-pip-22.3.1-6.el9.noarch.rpm
        repoid: ubi-9-for-aarch64-appstream-rpms
        size: 3351885
        checksum: sha256:b97bcd818cd890f514ccbe9deecc95ef33dabb86dea6071e9cafd86b76ebb0f0
        name: python3.11-pip
        evr: 22.3.1-6.el9
        sourcerpm: python3.11-pip-22.3.1-6.el9.src.rpm
      - url: https://cdn-ubi.redhat.com/content/public/ubi/dist/ubi9/9/aarch64/appstream/os/Packages/p/python3.11-pip-wheel-22.3.1-6.el9.noarch.rpm
        repoid: ubi-9-for-aarch64-appstream-rpms
        size: 1488665
        checksum: sha256:0e7e797af157c892a9fce0b6bf9f7b77db57250a16f049ae631e9acae79b5156
        name: python3.11-pip-wheel
        evr: 22.3.1-6.el9
        sourcerpm: python3.11-pip-22.3.1-6.el9.src.rpm
      - url: https://cdn-ubi.redhat.com/content/public/ubi/dist/ubi9/9/aarch64/appstream/os/Packages/p/python3.11-setuptools-65.5.1-5.el9.noarch.rpm
        repoid: ubi-9-for-aarch64-appstream-rpms
        size: 1785107
        checksum: sha256:ff5f366bed548c8def673579107e63adb4d33748f75aeb555312d615f1871327
        name: python3.11-setuptools
        evr: 65.5.1-5.el9
        sourcerpm: python3.11-setuptools-65.5.1-5.el9.src.rpm
      - url: https://cdn-ubi.redhat.com/content/public/ubi/dist/ubi9/9/aarch64/appstream/os/Packages/p/python3.11-setuptools-wheel-65.5.1-5.el9.noarch.rpm
        repoid: ubi-9-for-aarch64-appstream-rpms
        size: 730338
        checksum: sha256:33ad44dff52114caa7b85f6e218ad5f9ccd88a538a3cf808377762ff01efb05f
        name: python3.11-setuptools-wheel
        evr: 65.5.1-5.el9
        sourcerpm: python3.11-setuptools-65.5.1-5.el9.src.rpm
      - url: https://cdn-ubi.redhat.com/content/public/ubi/dist/ubi9/9/aarch64/baseos/os/Packages/b/binutils-2.35.2-72.el9.aarch64.rpm
        repoid: ubi-9-for-aarch64-baseos-rpms
        size: 5021411
        checksum: sha256:72e9fd9c4976413060df02e37d358fca208ab144d78e321f448a488d50967155
        name: binutils
        evr: 2.35.2-72.el9
        sourcerpm: binutils-2.35.2-72.el9.src.rpm
      - url: https://cdn-ubi.redhat.com/content/public/ubi/dist/ubi9/9/aarch64/baseos/os/Packages/b/binutils-gold-2.35.2-72.el9.aarch64.rpm
        repoid: ubi-9-for-aarch64-baseos-rpms
        size: 908723
        checksum: sha256:269bb24ded2f23dcdb74c04597b13281ce6ac47a87a14831ee639d985323bd04
        name: binutils-gold
        evr: 2.35.2-72.el9
        sourcerpm: binutils-2.35.2-72.el9.src.rpm
      - url: https://cdn-ubi.redhat.com/content/public/ubi/dist/ubi9/9/aarch64/baseos/os/Packages/e/elfutils-debuginfod-client-0.194-1.el9.aarch64.rpm
        repoid: ubi-9-for-aarch64-baseos-rpms
        size: 42824
        checksum: sha256:bbcf05d0b46d42c85807d774788edc39528a6898bd880baf11fb77729f59272d
        name: elfutils-debuginfod-client
        evr: 0.194-1.el9
        sourcerpm: elfutils-0.194-1.el9.src.rpm
      - url: https://cdn-ubi.redhat.com/content/public/ubi/dist/ubi9/9/aarch64/baseos/os/Packages/e/elfutils-default-yama-scope-0.194-1.el9.noarch.rpm
        repoid: ubi-9-for-aarch64-baseos-rpms
        size: 8949
        checksum: sha256:c473f42c0fec97e2830580110509e4522bc62d9b11761d062499354a0bf58959
        name: elfutils-default-yama-scope
        evr: 0.194-1.el9
        sourcerpm: elfutils-0.194-1.el9.src.rpm
      - url: https://cdn-ubi.redhat.com/content/public/ubi/dist/ubi9/9/aarch64/baseos/os/Packages/e/elfutils-libelf-0.194-1.el9.aarch64.rpm
        repoid: ubi-9-for-aarch64-baseos-rpms
        size: 203006
        checksum: sha256:04ff63b7b669b16827f3688baa0be4a2782f1405db3c6d3ee03c0e4cebc2cdf2
        name: elfutils-libelf
        evr: 0.194-1.el9
        sourcerpm: elfutils-0.194-1.el9.src.rpm
      - url: https://cdn-ubi.redhat.com/content/public/ubi/dist/ubi9/9/aarch64/baseos/os/Packages/e/elfutils-libs-0.194-1.el9.aarch64.rpm
        repoid: ubi-9-for-aarch64-baseos-rpms
        size: 271645
        checksum: sha256:b90a6ad3e465995538785a2536986ad705625daf606d6258bf23d1dd29aec208
        name: elfutils-libs
        evr: 0.194-1.el9
        sourcerpm: elfutils-0.194-1.el9.src.rpm
      - url: https://cdn-ubi.redhat.com/content/public/ubi/dist/ubi9/9/aarch64/baseos/os/Packages/e/expat-2.5.0-6.el9_8.1.aarch64.rpm
        repoid: ubi-9-for-aarch64-baseos-rpms
        size: 120882
        checksum: sha256:7cc4e533f63bdec0ead003d176cb262b8d4d2583dfd57b2e9cfeeed4ead13475
        name: expat
        evr: 2.5.0-6.el9_8.1
        sourcerpm: expat-2.5.0-6.el9_8.1.src.rpm
      - url: https://cdn-ubi.redhat.com/content/public/ubi/dist/ubi9/9/aarch64/baseos/os/Packages/g/glibc-2.34-272.el9_8.aarch64.rpm
        repoid: ubi-9-for-aarch64-baseos-rpms
        size: 1814375
        checksum: sha256:32d7e0106931f57b02f4c6e2f3cb48054cb22210f26d997840dbbf5d05ad0b5f
        name: glibc
        evr: 2.34-272.el9_8
        sourcerpm: glibc-2.34-272.el9_8.src.rpm
      - url: https://cdn-ubi.redhat.com/content/public/ubi/dist/ubi9/9/aarch64/baseos/os/Packages/g/glibc-common-2.34-272.el9_8.aarch64.rpm
        repoid: ubi-9-for-aarch64-baseos-rpms
        size: 312875
        checksum: sha256:01221c541d1239b8219f6e6f78bee322e7d775e81177651cc716ead4d59d6171
        name: glibc-common
        evr: 2.34-272.el9_8
        sourcerpm: glibc-2.34-272.el9_8.src.rpm
      - url: https://cdn-ubi.redhat.com/content/public/ubi/dist/ubi9/9/aarch64/baseos/os/Packages/g/glibc-langpack-en-2.34-272.el9_8.aarch64.rpm
        repoid: ubi-9-for-aarch64-baseos-rpms
        size: 684747
        checksum: sha256:34d95f6d19e5613c3338d0659c2074152a2216bb19f33803de298e5dc484b008
        name: glibc-langpack-en
        evr: 2.34-272.el9_8
        sourcerpm: glibc-2.34-272.el9_8.src.rpm
      - url: https://cdn-ubi.redhat.com/content/public/ubi/dist/ubi9/9/aarch64/baseos/os/Packages/g/glibc-minimal-langpack-2.34-272.el9_8.aarch64.rpm
        repoid: ubi-9-for-aarch64-baseos-rpms
        size: 30969
        checksum: sha256:928369bd41008bea5b7b472f8578cf7c14ac1ebe81d33e4556cd6fff41b35a14
        name: glibc-minimal-langpack
        evr: 2.34-272.el9_8
        sourcerpm: glibc-2.34-272.el9_8.src.rpm
      - url: https://cdn-ubi.redhat.com/content/public/ubi/dist/ubi9/9/aarch64/baseos/os/Packages/l/libgcc-11.5.0-14.el9.aarch64.rpm
        repoid: ubi-9-for-aarch64-baseos-rpms
        size: 81211
        checksum: sha256:6923218fdef581189a4b51c7ba158083597f1c6df08cae021a1d90e9d61938a9
        name: libgcc
        evr: 11.5.0-14.el9
        sourcerpm: gcc-11.5.0-14.el9.src.rpm
      - url: https://cdn-ubi.redhat.com/content/public/ubi/dist/ubi9/9/aarch64/baseos/os/Packages/l/libgomp-11.5.0-14.el9.aarch64.rpm
        repoid: ubi-9-for-aarch64-baseos-rpms
        size: 262138
        checksum: sha256:c8b3788fee442304e4158c802ff413df27d394b82f19c0f34ff43b5d3760470c
        name: libgomp
        evr: 11.5.0-14.el9
        sourcerpm: gcc-11.5.0-14.el9.src.rpm
      - url: https://cdn-ubi.redhat.com/content/public/ubi/dist/ubi9/9/aarch64/baseos/os/Packages/l/libpkgconf-1.7.3-10.el9.aarch64.rpm
        repoid: ubi-9-for-aarch64-baseos-rpms
        size: 38310
        checksum: sha256:9bdfccf6b092e0683aa6984f7c6caa737b30c0b1495e16abb03b5d1a5f8e787a
        name: libpkgconf
        evr: 1.7.3-10.el9
        sourcerpm: pkgconf-1.7.3-10.el9.src.rpm
      - url: https://cdn-ubi.redhat.com/content/public/ubi/dist/ubi9/9/aarch64/baseos/os/Packages/l/libstdc++-11.5.0-14.el9.aarch64.rpm
        repoid: ubi-9-for-aarch64-baseos-rpms
        size: 723913
        checksum: sha256:ae00c5009a2ee4682ec732cde66d3f4fcfc1a7099ba7b3701767d1748a4f2683
        name: libstdc++
        evr: 11.5.0-14.el9
        sourcerpm: gcc-11.5.0-14.el9.src.rpm
      - url: https://cdn-ubi.redhat.com/content/public/ubi/dist/ubi9/9/aarch64/baseos/os/Packages/l/libtirpc-1.3.3-9.el9.aarch64.rpm
        repoid: ubi-9-for-aarch64-baseos-rpms
        size: 98735
        checksum: sha256:591a92387f21db11cb3607f566f95e1f4afe581428eec00f99539925560e1913
        name: libtirpc
        evr: 1.3.3-9.el9
        sourcerpm: libtirpc-1.3.3-9.el9.src.rpm
      - url: https://cdn-ubi.redhat.com/content/public/ubi/dist/ubi9/9/aarch64/baseos/os/Packages/m/make-4.3-8.el9.aarch64.rpm
        repoid: ubi-9-for-aarch64-baseos-rpms
        size: 550249
        checksum: sha256:351a22b0e6744bd329b1b0f22d9c3b69a6da970b575e6c76190cc84b0fe77450
        name: make
        evr: 1:4.3-8.el9
        sourcerpm: make-4.3-8.el9.src.rpm
      - url: https://cdn-ubi.redhat.com/content/public/ubi/dist/ubi9/9/aarch64/baseos/os/Packages/p/pkgconf-1.7.3-10.el9.aarch64.rpm
        repoid: ubi-9-for-aarch64-baseos-rpms
        size: 45196
        checksum: sha256:aa38a3951a690d721a815ea8f9b01995a85f35a8540d8075205821011d0385e6
        name: pkgconf
        evr: 1.7.3-10.el9
        sourcerpm: pkgconf-1.7.3-10.el9.src.rpm
      - url: https://cdn-ubi.redhat.com/content/public/ubi/dist/ubi9/9/aarch64/baseos/os/Packages/p/pkgconf-m4-1.7.3-10.el9.noarch.rpm
        repoid: ubi-9-for-aarch64-baseos-rpms
        size: 16054
        checksum: sha256:91bafd6e06099451f60288327b275cfcc651822f6145176a157c6b0fa5131e02
        name: pkgconf-m4
        evr: 1.7.3-10.el9
        sourcerpm: pkgconf-1.7.3-10.el9.src.rpm
      - url: https://cdn-ubi.redhat.com/content/public/ubi/dist/ubi9/9/aarch64/baseos/os/Packages/p/pkgconf-pkg-config-1.7.3-10.el9.aarch64.rpm
        repoid: ubi-9-for-aarch64-baseos-rpms
        size: 12398
        checksum: sha256:47f1f744f96a2f3d360bc129837738dcebb1ee5032effc4472a891eea1d6a907
        name: pkgconf-pkg-config
        evr: 1.7.3-10.el9
        sourcerpm: pkgconf-1.7.3-10.el9.src.rpm
      - url: https://cdn-ubi.redhat.com/content/public/ubi/dist/ubi9/9/aarch64/baseos/os/Packages/s/sqlite-libs-3.34.1-10.el9_8.aarch64.rpm
        repoid: ubi-9-for-aarch64-baseos-rpms
        size: 660260
        checksum: sha256:dda4c59309d47d73d64291c53078cce330b8d5a9d95c903e133d9f37ec0e0a68
        name: sqlite-libs
        evr: 3.34.1-10.el9_8
        sourcerpm: sqlite-3.34.1-10.el9_8.src.rpm
    source:
      - url: https://cdn-ubi.redhat.com/content/public/ubi/dist/ubi9/9/aarch64/appstream/source/SRPMS/Packages/l/libmpc-1.2.1-4.el9.src.rpm
        repoid: ubi-9-for-aarch64-appstream-source-rpms
        size: 846236
        checksum: sha256:47774c27b65e63251f3a1cea99efbe8caed86448a573e34a44ab28ad88cc3ece
        name: libmpc
        evr: 1.2.1-4.el9
      - url: https://cdn-ubi.redhat.com/content/public/ubi/dist/ubi9/9/aarch64/appstream/source/SRPMS/Packages/l/libnsl2-2.0.0-1.el9.src.rpm
        repoid: ubi-9-for-aarch64-appstream-source-rpms
        size: 56885
        checksum: sha256:28fda2510dfa3d80c6f227354c3e917a104374e97566419e71ef5e246887c4e2
        name: libnsl2
        evr: 2.0.0-1.el9
      - url: https://cdn-ubi.redhat.com/content/public/ubi/dist/ubi9/9/aarch64/appstream/source/SRPMS/Packages/m/mpdecimal-2.5.1-3.el9.src.rpm
        repoid: ubi-9-for-aarch64-appstream-source-rpms
        size: 3334137
        checksum: sha256:2f5ece89d6a8d892816f386462d8be291ad83f1500b4c4b3655dcc7ed5192c0d
        name: mpdecimal
        evr: 2.5.1-3.el9
      - url: https://cdn-ubi.redhat.com/content/public/ubi/dist/ubi9/9/aarch64/appstream/source/SRPMS/Packages/p/python3.11-3.11.13-10.el9_8.src.rpm
        repoid: ubi-9-for-aarch64-appstream-source-rpms
        size: 20209409
        checksum: sha256:463d61f945c7ede4081ff7d71b32cf7c87155b89262c9c110130078416a32849
        name: python3.11
        evr: 3.11.13-10.el9_8
      - url: https://cdn-ubi.redhat.com/content/public/ubi/dist/ubi9/9/aarch64/appstream/source/SRPMS/Packages/p/python3.11-pip-22.3.1-6.el9.src.rpm
        repoid: ubi-9-for-aarch64-appstream-source-rpms
        size: 9341716
        checksum: sha256:e6c081ee7bbe789bcadb4a21f625eb6746ca485d230c0cef5bbb7a4564000bcb
        name: python3.11-pip
        evr: 22.3.1-6.el9
      - url: https://cdn-ubi.redhat.com/content/public/ubi/dist/ubi9/9/aarch64/appstream/source/SRPMS/Packages/p/python3.11-setuptools-65.5.1-5.el9.src.rpm
        repoid: ubi-9-for-aarch64-appstream-source-rpms
        size: 2632663
        checksum: sha256:df86c0c49a1d96bb7d91ee4a72e60c9b0368f2965742b98ba010281aafea5604
        name: python3.11-setuptools
        evr: 65.5.1-5.el9
      - url: https://cdn-ubi.redhat.com/content/public/ubi/dist/ubi9/9/aarch64/baseos/source/SRPMS/Packages/b/binutils-2.35.2-72.el9.src.rpm
        repoid: ubi-9-for-aarch64-baseos-source-rpms
        size: 22476311
        checksum: sha256:82174416ee39df7795da7fab8d37ea5dbbe25f1dbc2df39f5fb3f8a168bf5120
        name: binutils
        evr: 2.35.2-72.el9
      - url: https://cdn-ubi.redhat.com/content/public/ubi/dist/ubi9/9/aarch64/baseos/source/SRPMS/Packages/e/elfutils-0.194-1.el9.src.rpm
        repoid: ubi-9-for-aarch64-baseos-source-rpms
        size: 12030455
        checksum: sha256:643279e796ded16c5be5cdc2a91839c787e62e59757008675eb0580a4a42af21
        name: elfutils
        evr: 0.194-1.el9
      - url: https://cdn-ubi.redhat.com/content/public/ubi/dist/ubi9/9/aarch64/baseos/source/SRPMS/Packages/e/expat-2.5.0-6.el9_8.1.src.rpm
        repoid: ubi-9-for-aarch64-baseos-source-rpms
        size: 8390481
        checksum: sha256:3ef9a4df767dbc5e75944b5c197d186f8b5ca8745522e07cdf1a195229d381b4
        name: expat
        evr: 2.5.0-6.el9_8.1
      - url: https://cdn-ubi.redhat.com/content/public/ubi/dist/ubi9/9/aarch64/baseos/source/SRPMS/Packages/g/gcc-11.5.0-14.el9.src.rpm
        repoid: ubi-9-for-aarch64-baseos-source-rpms
        size: 81978017
        checksum: sha256:19dec462f2880508570ca42a82c2f76fbd95fcad8d3e3ff812e9ca50cdeb2d8f
        name: gcc
        evr: 11.5.0-14.el9
      - url: https://cdn-ubi.redhat.com/content/public/ubi/dist/ubi9/9/aarch64/baseos/source/SRPMS/Packages/g/glibc-2.34-272.el9_8.src.rpm
        repoid: ubi-9-for-aarch64-baseos-source-rpms
        size: 20426505
        checksum: sha256:74304489b43f5dcfc68a75554bc7a0b65e8f09aa4ab719161ade3fa46d56cbb8
        name: glibc
        evr: 2.34-272.el9_8
      - url: https://cdn-ubi.redhat.com/content/public/ubi/dist/ubi9/9/aarch64/baseos/source/SRPMS/Packages/l/libtirpc-1.3.3-9.el9.src.rpm
        repoid: ubi-9-for-aarch64-baseos-source-rpms
        size: 589716
        checksum: sha256:95d684042f4c5f63ac57923639fd1e7d6d278766b4ee99feb24baa5567fe4b7e
        name: libtirpc
        evr: 1.3.3-9.el9
      - url: https://cdn-ubi.redhat.com/content/public/ubi/dist/ubi9/9/aarch64/baseos/source/SRPMS/Packages/l/libxcrypt-4.4.18-3.el9.src.rpm
        repoid: ubi-9-for-aarch64-baseos-source-rpms
        size: 543970
        checksum: sha256:d18f72eb41ecd0370e2e47f1dc5774be54e9ff3b4dd333578017666c7c488f40
        name: libxcrypt
        evr: 4.4.18-3.el9
      - url: https://cdn-ubi.redhat.com/content/public/ubi/dist/ubi9/9/aarch64/baseos/source/SRPMS/Packages/m/make-4.3-8.el9.src.rpm
        repoid: ubi-9-for-aarch64-baseos-source-rpms
        size: 2335546
        checksum: sha256:a5cc45d6c158b255cda528c496dbb8bc7783acb9898b97a39a1811230e102d7c
        name: make
        evr: 1:4.3-8.el9
      - url: https://cdn-ubi.redhat.com/content/public/ubi/dist/ubi9/9/aarch64/baseos/source/SRPMS/Packages/p/pkgconf-1.7.3-10.el9.src.rpm
        repoid: ubi-9-for-aarch64-baseos-source-rpms
        size: 310904
        checksum: sha256:4d53718592b298ca7c49665b1f4e7bd32dcb42cad15c89345585da9f20d4fcae
        name: pkgconf
        evr: 1.7.3-10.el9
      - url: https://cdn-ubi.redhat.com/content/public/ubi/dist/ubi9/9/aarch64/baseos/source/SRPMS/Packages/s/sqlite-3.34.1-10.el9_8.src.rpm
        repoid: ubi-9-for-aarch64-baseos-source-rpms
        size: 25116090
        checksum: sha256:4387ae8d5a5a0b972b7a8612dca277499a43e7991163c7519e8a0ced2e57c90a
        name: sqlite
        evr: 3.34.1-10.el9_8
    module_metadata: []
  - arch: x86_64
    packages:
      - url: https://cdn-ubi.redhat.com/content/public/ubi/dist/ubi9/9/x86_64/appstream/os/Packages/c/cpp-11.5.0-14.el9.x86_64.rpm
        repoid: ubi-9-for-x86_64-appstream-rpms
        size: 11226193
        checksum: sha256:3c0ee1cb8b72f3f5176f8945ab518eb733ccc9f950d317fb5d5ac327d0eb9c90
        name: cpp
        evr: 11.5.0-14.el9
        sourcerpm: gcc-11.5.0-14.el9.src.rpm
      - url: https://cdn-ubi.redhat.com/content/public/ubi/dist/ubi9/9/x86_64/appstream/os/Packages/g/gcc-11.5.0-14.el9.x86_64.rpm
        repoid: ubi-9-for-x86_64-appstream-rpms
        size: 33982584
        checksum: sha256:2082784165bbb246b6e5ef5921ed823f0a9709cacdf5823aa60695fd6d4819a2
        name: gcc
        evr: 11.5.0-14.el9
        sourcerpm: gcc-11.5.0-14.el9.src.rpm
      - url: https://cdn-ubi.redhat.com/content/public/ubi/dist/ubi9/9/x86_64/appstream/os/Packages/g/gcc-c++-11.5.0-14.el9.x86_64.rpm
        repoid: ubi-9-for-x86_64-appstream-rpms
        size: 13474286
        checksum: sha256:b073d8965ad8eed7520a2a1c9b7c961232511ad9188dcc8c92356160a9d51e37
        name: gcc-c++
        evr: 11.5.0-14.el9
        sourcerpm: gcc-11.5.0-14.el9.src.rpm
      - url: https://cdn-ubi.redhat.com/content/public/ubi/dist/ubi9/9/x86_64/appstream/os/Packages/g/glibc-devel-2.34-272.el9_8.x86_64.rpm
        repoid: ubi-9-for-x86_64-appstream-rpms
        size: 46619
        checksum: sha256:528edd253ccac17373c82bad04064a554ee18986a9362860be4d804ff1239825
        name: glibc-devel
        evr: 2.34-272.el9_8
        sourcerpm: glibc-2.34-272.el9_8.src.rpm
      - url: https://cdn-ubi.redhat.com/content/public/ubi/dist/ubi9/9/x86_64/appstream/os/Packages/g/glibc-headers-2.34-272.el9_8.x86_64.rpm
        repoid: ubi-9-for-x86_64-appstream-rpms
        size: 567230
        checksum: sha256:11533070a0fa0133c3184295df9666ddbf5352e1bb748a1e5d7c97da6853cff5
        name: glibc-headers
        evr: 2.34-272.el9_8
        sourcerpm: glibc-2.34-272.el9_8.src.rpm
      - url: https://cdn-ubi.redhat.com/content/public/ubi/dist/ubi9/9/x86_64/appstream/os/Packages/k/kernel-headers-5.14.0-687.20.1.el9_8.x86_64.rpm
        repoid: ubi-9-for-x86_64-appstream-rpms
        size: 2886649
        checksum: sha256:15bc07a73a86aa6278eafa5d523c4de21c8a37f6178b94283845b1bfd929e7f7
        name: kernel-headers
        evr: 5.14.0-687.20.1.el9_8
        sourcerpm: kernel-5.14.0-687.20.1.el9_8.src.rpm
      - url: https://cdn-ubi.redhat.com/content/public/ubi/dist/ubi9/9/x86_64/appstream/os/Packages/l/libmpc-1.2.1-4.el9.x86_64.rpm
        repoid: ubi-9-for-x86_64-appstream-rpms
        size: 66075
        checksum: sha256:b97b4e98c3c6f41dcfc2ceb4ffa1aba7a338b7cfd9e6c4f63e3160dd3cc033d3
        name: libmpc
        evr: 1.2.1-4.el9
        sourcerpm: libmpc-1.2.1-4.el9.src.rpm
      - url: https://cdn-ubi.redhat.com/content/public/ubi/dist/ubi9/9/x86_64/appstream/os/Packages/l/libnsl2-2.0.0-1.el9.x86_64.rpm
        repoid: ubi-9-for-x86_64-appstream-rpms
        size: 33287
        checksum: sha256:052f7a182180528ba6e3c4378e5dcfb84640594a3e2e7bbe4f0167381e824ce0
        name: libnsl2
        evr: 2.0.0-1.el9
        sourcerpm: libnsl2-2.0.0-1.el9.src.rpm
      - url: https://cdn-ubi.redhat.com/content/public/ubi/dist/ubi9/9/x86_64/appstream/os/Packages/l/libstdc++-devel-11.5.0-14.el9.x86_64.rpm
        repoid: ubi-9-for-x86_64-appstream-rpms
        size: 2524816
        checksum: sha256:2d031d05fe073adc74919b8372763ae322615d9df23f4a2c642050ab4b389ce5
        name: libstdc++-devel
        evr: 11.5.0-14.el9
        sourcerpm: gcc-11.5.0-14.el9.src.rpm
      - url: https://cdn-ubi.redhat.com/content/public/ubi/dist/ubi9/9/x86_64/appstream/os/Packages/l/libxcrypt-compat-4.4.18-3.el9.x86_64.rpm
        repoid: ubi-9-for-x86_64-appstream-rpms
        size: 93189
        checksum: sha256:2bd6c288e1970a001d3a1ae69166c0d926d9c87ce892edcb2110f4e142c12a7a
        name: libxcrypt-compat
        evr: 4.4.18-3.el9
        sourcerpm: libxcrypt-4.4.18-3.el9.src.rpm
      - url: https://cdn-ubi.redhat.com/content/public/ubi/dist/ubi9/9/x86_64/appstream/os/Packages/l/libxcrypt-devel-4.4.18-3.el9.x86_64.rpm
        repoid: ubi-9-for-x86_64-appstream-rpms
        size: 33101
        checksum: sha256:c1d171391a7d2e043a6953efd3df3e01edc9b4c6cdb54517e1608d204a5fce18
        name: libxcrypt-devel
        evr: 4.4.18-3.el9
        sourcerpm: libxcrypt-4.4.18-3.el9.src.rpm
      - url: https://cdn-ubi.redhat.com/content/public/ubi/dist/ubi9/9/x86_64/appstream/os/Packages/m/mpdecimal-2.5.1-3.el9.x86_64.rpm
        repoid: ubi-9-for-x86_64-appstream-rpms
        size: 89670
        checksum: sha256:89a8c9951ac56bed2caa1adbcba349c021af1134b6e2df3fc0a8a60577a4f54d
        name: mpdecimal
        evr: 2.5.1-3.el9
        sourcerpm: mpdecimal-2.5.1-3.el9.src.rpm
      - url: https://cdn-ubi.redhat.com/content/public/ubi/dist/ubi9/9/x86_64/appstream/os/Packages/p/python3.11-3.11.13-10.el9_8.x86_64.rpm
        repoid: ubi-9-for-x86_64-appstream-rpms
        size: 32134
        checksum: sha256:a05e16b5733bceb90f8fc47ffabd7a888d4ba4c7f38af0438a1b871afcb4ea54
        name: python3.11
        evr: 3.11.13-10.el9_8
        sourcerpm: python3.11-3.11.13-10.el9_8.src.rpm
      - url: https://cdn-ubi.redhat.com/content/public/ubi/dist/ubi9/9/x86_64/appstream/os/Packages/p/python3.11-devel-3.11.13-10.el9_8.x86_64.rpm
        repoid: ubi-9-for-x86_64-appstream-rpms
        size: 290373
        checksum: sha256:e01ed253203acb5ef667d773d7741ec66d80b0bb3ab2598b6646d35d57b5a737
        name: python3.11-devel
        evr: 3.11.13-10.el9_8
        sourcerpm: python3.11-3.11.13-10.el9_8.src.rpm
      - url: https://cdn-ubi.redhat.com/content/public/ubi/dist/ubi9/9/x86_64/appstream/os/Packages/p/python3.11-libs-3.11.13-10.el9_8.x86_64.rpm
        repoid: ubi-9-for-x86_64-appstream-rpms
        size: 10713074
        checksum: sha256:81e36bc590fa38f5170e0b577df4401a48390170b0929667d0905e0cc4b47043
        name: python3.11-libs
        evr: 3.11.13-10.el9_8
        sourcerpm: python3.11-3.11.13-10.el9_8.src.rpm
      - url: https://cdn-ubi.redhat.com/content/public/ubi/dist/ubi9/9/x86_64/appstream/os/Packages/p/python3.11-pip-22.3.1-6.el9.noarch.rpm
        repoid: ubi-9-for-x86_64-appstream-rpms
        size: 3351885
        checksum: sha256:b97bcd818cd890f514ccbe9deecc95ef33dabb86dea6071e9cafd86b76ebb0f0
        name: python3.11-pip
        evr: 22.3.1-6.el9
        sourcerpm: python3.11-pip-22.3.1-6.el9.src.rpm
      - url: https://cdn-ubi.redhat.com/content/public/ubi/dist/ubi9/9/x86_64/appstream/os/Packages/p/python3.11-pip-wheel-22.3.1-6.el9.noarch.rpm
        repoid: ubi-9-for-x86_64-appstream-rpms
        size: 1488665
        checksum: sha256:0e7e797af157c892a9fce0b6bf9f7b77db57250a16f049ae631e9acae79b5156
        name: python3.11-pip-wheel
        evr: 22.3.1-6.el9
        sourcerpm: python3.11-pip-22.3.1-6.el9.src.rpm
      - url: https://cdn-ubi.redhat.com/content/public/ubi/dist/ubi9/9/x86_64/appstream/os/Packages/p/python3.11-setuptools-65.5.1-5.el9.noarch.rpm
        repoid: ubi-9-for-x86_64-appstream-rpms
        size: 1785107
        checksum: sha256:ff5f366bed548c8def673579107e63adb4d33748f75aeb555312d615f1871327
        name: python3.11-setuptools
        evr: 65.5.1-5.el9
        sourcerpm: python3.11-setuptools-65.5.1-5.el9.src.rpm
      - url: https://cdn-ubi.redhat.com/content/public/ubi/dist/ubi9/9/x86_64/appstream/os/Packages/p/python3.11-setuptools-wheel-65.5.1-5.el9.noarch.rpm
        repoid: ubi-9-for-x86_64-appstream-rpms
        size: 730338
        checksum: sha256:33ad44dff52114caa7b85f6e218ad5f9ccd88a538a3cf808377762ff01efb05f
        name: python3.11-setuptools-wheel
        evr: 65.5.1-5.el9
        sourcerpm: python3.11-setuptools-65.5.1-5.el9.src.rpm
      - url: https://cdn-ubi.redhat.com/content/public/ubi/dist/ubi9/9/x86_64/baseos/os/Packages/b/binutils-2.35.2-72.el9.x86_64.rpm
        repoid: ubi-9-for-x86_64-baseos-rpms
        size: 4821853
        checksum: sha256:bda706d43bf47267e31db8ac62fe3206122f97ff035daa6c93ce9cd5063a63ca
        name: binutils
        evr: 2.35.2-72.el9
        sourcerpm: binutils-2.35.2-72.el9.src.rpm
      - url: https://cdn-ubi.redhat.com/content/public/ubi/dist/ubi9/9/x86_64/baseos/os/Packages/b/binutils-gold-2.35.2-72.el9.x86_64.rpm
        repoid: ubi-9-for-x86_64-baseos-rpms
        size: 758393
        checksum: sha256:4d429d1030d8e1c610ba5aea83f8c63090033f440b2c8f788f0e0acd4a3c51b3
        name: binutils-gold
        evr: 2.35.2-72.el9
        sourcerpm: binutils-2.35.2-72.el9.src.rpm
      - url: https://cdn-ubi.redhat.com/content/public/ubi/dist/ubi9/9/x86_64/baseos/os/Packages/e/elfutils-debuginfod-client-0.194-1.el9.x86_64.rpm
        repoid: ubi-9-for-x86_64-baseos-rpms
        size: 43826
        checksum: sha256:1635fd1ecaa9492fa925956dfd56d10063ca336619218f124ab45df0a38b41b0
        name: elfutils-debuginfod-client
        evr: 0.194-1.el9
        sourcerpm: elfutils-0.194-1.el9.src.rpm
      - url: https://cdn-ubi.redhat.com/content/public/ubi/dist/ubi9/9/x86_64/baseos/os/Packages/e/elfutils-default-yama-scope-0.194-1.el9.noarch.rpm
        repoid: ubi-9-for-x86_64-baseos-rpms
        size: 8949
        checksum: sha256:c473f42c0fec97e2830580110509e4522bc62d9b11761d062499354a0bf58959
        name: elfutils-default-yama-scope
        evr: 0.194-1.el9
        sourcerpm: elfutils-0.194-1.el9.src.rpm
      - url: https://cdn-ubi.redhat.com/content/public/ubi/dist/ubi9/9/x86_64/baseos/os/Packages/e/elfutils-libelf-0.194-1.el9.x86_64.rpm
        repoid: ubi-9-for-x86_64-baseos-rpms
        size: 205864
        checksum: sha256:00bbe4776149d8ccedcdf19dd6ceb08c3bb42ff41b98d744abe101af0b11a6c5
        name: elfutils-libelf
        evr: 0.194-1.el9
        sourcerpm: elfutils-0.194-1.el9.src.rpm
      - url: https://cdn-ubi.redhat.com/content/public/ubi/dist/ubi9/9/x86_64/baseos/os/Packages/e/elfutils-libs-0.194-1.el9.x86_64.rpm
        repoid: ubi-9-for-x86_64-baseos-rpms
        size: 274670
        checksum: sha256:ad4f6d425cbc975cead56a2c982e38b0146d00944cbd9b3072d3d1f1271237a5
        name: elfutils-libs
        evr: 0.194-1.el9
        sourcerpm: elfutils-0.194-1.el9.src.rpm
      - url: https://cdn-ubi.redhat.com/content/public/ubi/dist/ubi9/9/x86_64/baseos/os/Packages/e/expat-2.5.0-6.el9_8.1.x86_64.rpm
        repoid: ubi-9-for-x86_64-baseos-rpms
        size: 126909
        checksum: sha256:6a0c98d67b643fe620297e4cd7e990f99a86ed6bc90a8295a952c626ecbb9f62
        name: expat
        evr: 2.5.0-6.el9_8.1
        sourcerpm: expat-2.5.0-6.el9_8.1.src.rpm
      - url: https://cdn-ubi.redhat.com/content/public/ubi/dist/ubi9/9/x86_64/baseos/os/Packages/g/glibc-2.34-272.el9_8.x86_64.rpm
        repoid: ubi-9-for-x86_64-baseos-rpms
        size: 2084168
        checksum: sha256:d59c7006e4a76b6543be7fb04cd701cc341fd667198f86006a8e766923a9985b
        name: glibc
        evr: 2.34-272.el9_8
        sourcerpm: glibc-2.34-272.el9_8.src.rpm
      - url: https://cdn-ubi.redhat.com/content/public/ubi/dist/ubi9/9/x86_64/baseos/os/Packages/g/glibc-common-2.34-272.el9_8.x86_64.rpm
        repoid: ubi-9-for-x86_64-baseos-rpms
        size: 321732
        checksum: sha256:aff0f291115fdf9e8ae8e683ba2a2a75c17e9e00dab7bc0441482b3c18a964fa
        name: glibc-common
        evr: 2.34-272.el9_8
        sourcerpm: glibc-2.34-272.el9_8.src.rpm
      - url: https://cdn-ubi.redhat.com/content/public/ubi/dist/ubi9/9/x86_64/baseos/os/Packages/g/glibc-langpack-en-2.34-272.el9_8.x86_64.rpm
        repoid: ubi-9-for-x86_64-baseos-rpms
        size: 684670
        checksum: sha256:60287099b75389b18f8b57a6b78c252bb77ccde55c97e7b0d22790f912413397
        name: glibc-langpack-en
        evr: 2.34-272.el9_8
        sourcerpm: glibc-2.34-272.el9_8.src.rpm
      - url: https://cdn-ubi.redhat.com/content/public/ubi/dist/ubi9/9/x86_64/baseos/os/Packages/g/glibc-minimal-langpack-2.34-272.el9_8.x86_64.rpm
        repoid: ubi-9-for-x86_64-baseos-rpms
        size: 31001
        checksum: sha256:a6bd959400dd177dfddc995baf85df09746fa0a5d0d59a9ebfafb6a4c1b53344
        name: glibc-minimal-langpack
        evr: 2.34-272.el9_8
        sourcerpm: glibc-2.34-272.el9_8.src.rpm
      - url: https://cdn-ubi.redhat.com/content/public/ubi/dist/ubi9/9/x86_64/baseos/os/Packages/l/libgcc-11.5.0-14.el9.x86_64.rpm
        repoid: ubi-9-for-x86_64-baseos-rpms
        size: 87280
        checksum: sha256:77c66827ffc14df2f43612b26128b1fd58d5c9597d4d4e564aa239b161272872
        name: libgcc
        evr: 11.5.0-14.el9
        sourcerpm: gcc-11.5.0-14.el9.src.rpm
      - url: https://cdn-ubi.redhat.com/content/public/ubi/dist/ubi9/9/x86_64/baseos/os/Packages/l/libgomp-11.5.0-14.el9.x86_64.rpm
        repoid: ubi-9-for-x86_64-baseos-rpms
        size: 263723
        checksum: sha256:87b9a7316760374111290e6e4c76ee4d093566f08a7c7c91ad7827c5948afb69
        name: libgomp
        evr: 11.5.0-14.el9
        sourcerpm: gcc-11.5.0-14.el9.src.rpm
      - url: https://cdn-ubi.redhat.com/content/public/ubi/dist/ubi9/9/x86_64/baseos/os/Packages/l/libpkgconf-1.7.3-10.el9.x86_64.rpm
        repoid: ubi-9-for-x86_64-baseos-rpms
        size: 38387
        checksum: sha256:4feae5941b73640bd86b8d506a657cac5b770043db1464fbcd207721b2159dda
        name: libpkgconf
        evr: 1.7.3-10.el9
        sourcerpm: pkgconf-1.7.3-10.el9.src.rpm
      - url: https://cdn-ubi.redhat.com/content/public/ubi/dist/ubi9/9/x86_64/baseos/os/Packages/l/libstdc++-11.5.0-14.el9.x86_64.rpm
        repoid: ubi-9-for-x86_64-baseos-rpms
        size: 763021
        checksum: sha256:513df35338962e053052b9d52429e8a5f3d60dfe6b1757cd9faaf61d6abda955
        name: libstdc++
        evr: 11.5.0-14.el9
        sourcerpm: gcc-11.5.0-14.el9.src.rpm
      - url: https://cdn-ubi.redhat.com/content/public/ubi/dist/ubi9/9/x86_64/baseos/os/Packages/l/libtirpc-1.3.3-9.el9.x86_64.rpm
        repoid: ubi-9-for-x86_64-baseos-rpms
        size: 98934
        checksum: sha256:f82cd69dc3aac881d5b574930c7d274687054cb5b03d3a8e3affa7bbcd5950b1
        name: libtirpc
        evr: 1.3.3-9.el9
        sourcerpm: libtirpc-1.3.3-9.el9.src.rpm
      - url: https://cdn-ubi.redhat.com/content/public/ubi/dist/ubi9/9/x86_64/baseos/os/Packages/m/make-4.3-8.el9.x86_64.rpm
        repoid: ubi-9-for-x86_64-baseos-rpms
        size: 553896
        checksum: sha256:561f0c2251e9217c81a6c88de4d2d9231a039aaab37e8a0d2559d36ce9fa85fd
        name: make
        evr: 1:4.3-8.el9
        sourcerpm: make-4.3-8.el9.src.rpm
      - url: https://cdn-ubi.redhat.com/content/public/ubi/dist/ubi9/9/x86_64/baseos/os/Packages/p/pkgconf-1.7.3-10.el9.x86_64.rpm
        repoid: ubi-9-for-x86_64-baseos-rpms
        size: 45675
        checksum: sha256:bb47b4ecc499c308f41031a99e723827d152d5d750f59849d0c265d820944a26
        name: pkgconf
        evr: 1.7.3-10.el9
        sourcerpm: pkgconf-1.7.3-10.el9.src.rpm
      - url: https://cdn-ubi.redhat.com/content/public/ubi/dist/ubi9/9/x86_64/baseos/os/Packages/p/pkgconf-m4-1.7.3-10.el9.noarch.rpm
        repoid: ubi-9-for-x86_64-baseos-rpms
        size: 16054
        checksum: sha256:91bafd6e06099451f60288327b275cfcc651822f6145176a157c6b0fa5131e02
        name: pkgconf-m4
        evr: 1.7.3-10.el9
        sourcerpm: pkgconf-1.7.3-10.el9.src.rpm
      - url: https://cdn-ubi.redhat.com/content/public/ubi/dist/ubi9/9/x86_64/baseos/os/Packages/p/pkgconf-pkg-config-1.7.3-10.el9.x86_64.rpm
        repoid: ubi-9-for-x86_64-baseos-rpms
        size: 12438
        checksum: sha256:9a502d81d73d3303ceb53a06ad7ce525c97117ea64352174a33708bf3429283d
        name: pkgconf-pkg-config
        evr: 1.7.3-10.el9
        sourcerpm: pkgconf-1.7.3-10.el9.src.rpm
      - url: https://cdn-ubi.redhat.com/content/public/ubi/dist/ubi9/9/x86_64/baseos/os/Packages/s/sqlite-libs-3.34.1-10.el9_8.x86_64.rpm
        repoid: ubi-9-for-x86_64-baseos-rpms
        size: 664960
        checksum: sha256:7dc2202e08184890c851dcb2218a9abce14da150f12dfb8663ca306416e1d8d4
        name: sqlite-libs
        evr: 3.34.1-10.el9_8
        sourcerpm: sqlite-3.34.1-10.el9_8.src.rpm
    source:
      - url: https://cdn-ubi.redhat.com/content/public/ubi/dist/ubi9/9/x86_64/appstream/source/SRPMS/Packages/l/libmpc-1.2.1-4.el9.src.rpm
        repoid: ubi-9-for-x86_64-appstream-source-rpms
        size: 846236
        checksum: sha256:47774c27b65e63251f3a1cea99efbe8caed86448a573e34a44ab28ad88cc3ece
        name: libmpc
        evr: 1.2.1-4.el9
      - url: https://cdn-ubi.redhat.com/content/public/ubi/dist/ubi9/9/x86_64/appstream/source/SRPMS/Packages/l/libnsl2-2.0.0-1.el9.src.rpm
        repoid: ubi-9-for-x86_64-appstream-source-rpms
        size: 56885
        checksum: sha256:28fda2510dfa3d80c6f227354c3e917a104374e97566419e71ef5e246887c4e2
        name: libnsl2
        evr: 2.0.0-1.el9
      - url: https://cdn-ubi.redhat.com/content/public/ubi/dist/ubi9/9/x86_64/appstream/source/SRPMS/Packages/m/mpdecimal-2.5.1-3.el9.src.rpm
        repoid: ubi-9-for-x86_64-appstream-source-rpms
        size: 3334137
        checksum: sha256:2f5ece89d6a8d892816f386462d8be291ad83f1500b4c4b3655dcc7ed5192c0d
        name: mpdecimal
        evr: 2.5.1-3.el9
      - url: https://cdn-ubi.redhat.com/content/public/ubi/dist/ubi9/9/x86_64/appstream/source/SRPMS/Packages/p/python3.11-3.11.13-10.el9_8.src.rpm
        repoid: ubi-9-for-x86_64-appstream-source-rpms
        size: 20209409
        checksum: sha256:463d61f945c7ede4081ff7d71b32cf7c87155b89262c9c110130078416a32849
        name: python3.11
        evr: 3.11.13-10.el9_8
      - url: https://cdn-ubi.redhat.com/content/public/ubi/dist/ubi9/9/x86_64/appstream/source/SRPMS/Packages/p/python3.11-pip-22.3.1-6.el9.src.rpm
        repoid: ubi-9-for-x86_64-appstream-source-rpms
        size: 9341716
        checksum: sha256:e6c081ee7bbe789bcadb4a21f625eb6746ca485d230c0cef5bbb7a4564000bcb
        name: python3.11-pip
        evr: 22.3.1-6.el9
      - url: https://cdn-ubi.redhat.com/content/public/ubi/dist/ubi9/9/x86_64/appstream/source/SRPMS/Packages/p/python3.11-setuptools-65.5.1-5.el9.src.rpm
        repoid: ubi-9-for-x86_64-appstream-source-rpms
        size: 2632663
        checksum: sha256:df86c0c49a1d96bb7d91ee4a72e60c9b0368f2965742b98ba010281aafea5604
        name: python3.11-setuptools
        evr: 65.5.1-5.el9
      - url: https://cdn-ubi.redhat.com/content/public/ubi/dist/ubi9/9/x86_64/baseos/source/SRPMS/Packages/b/binutils-2.35.2-72.el9.src.rpm
        repoid: ubi-9-for-x86_64-baseos-source-rpms
        size: 22476311
        checksum: sha256:82174416ee39df7795da7fab8d37ea5dbbe25f1dbc2df39f5fb3f8a168bf5120
        name: binutils
        evr: 2.35.2-72.el9
      - url: https://cdn-ubi.redhat.com/content/public/ubi/dist/ubi9/9/x86_64/baseos/source/SRPMS/Packages/e/elfutils-0.194-1.el9.src.rpm
        repoid: ubi-9-for-x86_64-baseos-source-rpms
        size: 12030455
        checksum: sha256:643279e796ded16c5be5cdc2a91839c787e62e59757008675eb0580a4a42af21
        name: elfutils
        evr: 0.194-1.el9
      - url: https://cdn-ubi.redhat.com/content/public/ubi/dist/ubi9/9/x86_64/baseos/source/SRPMS/Packages/e/expat-2.5.0-6.el9_8.1.src.rpm
        repoid: ubi-9-for-x86_64-baseos-source-rpms
        size: 8390481
        checksum: sha256:3ef9a4df767dbc5e75944b5c197d186f8b5ca8745522e07cdf1a195229d381b4
        name: expat
        evr: 2.5.0-6.el9_8.1
      - url: https://cdn-ubi.redhat.com/content/public/ubi/dist/ubi9/9/x86_64/baseos/source/SRPMS/Packages/g/gcc-11.5.0-14.el9.src.rpm
        repoid: ubi-9-for-x86_64-baseos-source-rpms
        size: 81978017
        checksum: sha256:19dec462f2880508570ca42a82c2f76fbd95fcad8d3e3ff812e9ca50cdeb2d8f
        name: gcc
        evr: 11.5.0-14.el9
      - url: https://cdn-ubi.redhat.com/content/public/ubi/dist/ubi9/9/x86_64/baseos/source/SRPMS/Packages/g/glibc-2.34-272.el9_8.src.rpm
        repoid: ubi-9-for-x86_64-baseos-source-rpms
        size: 20426505
        checksum: sha256:74304489b43f5dcfc68a75554bc7a0b65e8f09aa4ab719161ade3fa46d56cbb8
        name: glibc
        evr: 2.34-272.el9_8
      - url: https://cdn-ubi.redhat.com/content/public/ubi/dist/ubi9/9/x86_64/baseos/source/SRPMS/Packages/l/libtirpc-1.3.3-9.el9.src.rpm
        repoid: ubi-9-for-x86_64-baseos-source-rpms
        size: 589716
        checksum: sha256:95d684042f4c5f63ac57923639fd1e7d6d278766b4ee99feb24baa5567fe4b7e
        name: libtirpc
        evr: 1.3.3-9.el9
      - url: https://cdn-ubi.redhat.com/content/public/ubi/dist/ubi9/9/x86_64/baseos/source/SRPMS/Packages/l/libxcrypt-4.4.18-3.el9.src.rpm
        repoid: ubi-9-for-x86_64-baseos-source-rpms
        size: 543970
        checksum: sha256:d18f72eb41ecd0370e2e47f1dc5774be54e9ff3b4dd333578017666c7c488f40
        name: libxcrypt
        evr: 4.4.18-3.el9
      - url: https://cdn-ubi.redhat.com/content/public/ubi/dist/ubi9/9/x86_64/baseos/source/SRPMS/Packages/m/make-4.3-8.el9.src.rpm
        repoid: ubi-9-for-x86_64-baseos-source-rpms
        size: 2335546
        checksum: sha256:a5cc45d6c158b255cda528c496dbb8bc7783acb9898b97a39a1811230e102d7c
        name: make
        evr: 1:4.3-8.el9
      - url: https://cdn-ubi.redhat.com/content/public/ubi/dist/ubi9/9/x86_64/baseos/source/SRPMS/Packages/p/pkgconf-1.7.3-10.el9.src.rpm
        repoid: ubi-9-for-x86_64-baseos-source-rpms
        size: 310904
        checksum: sha256:4d53718592b298ca7c49665b1f4e7bd32dcb42cad15c89345585da9f20d4fcae
        name: pkgconf
        evr: 1.7.3-10.el9
      - url: https://cdn-ubi.redhat.com/content/public/ubi/dist/ubi9/9/x86_64/baseos/source/SRPMS/Packages/s/sqlite-3.34.1-10.el9_8.src.rpm
        repoid: ubi-9-for-x86_64-baseos-source-rpms
        size: 25116090
        checksum: sha256:4387ae8d5a5a0b972b7a8612dca277499a43e7991163c7519e8a0ced2e57c90a
        name: sqlite
        evr: 3.34.1-10.el9_8
    module_metadata: []
