---
lockfileVersion: 1
lockfileVendor: redhat
arches:
- arch: x86_64
  packages:
  - url: https://cdn-ubi.redhat.com/content/public/ubi/dist/ubi8/8/x86_64/appstream/os/Packages/c/cpp-8.5.0-22.el8_10.x86_64.rpm
    repoid: ubi-8-appstream-rpms
    size: 10923404
    checksum: sha256:8376018e552fa4544c3d10af14be5a80c962494aae4dd538848b9546ef392a98
    name: cpp
    evr: 8.5.0-22.el8_10
    sourcerpm: gcc-8.5.0-22.el8_10.src.rpm
  - url: https://cdn-ubi.redhat.com/content/public/ubi/dist/ubi8/8/x86_64/appstream/os/Packages/g/gcc-8.5.0-22.el8_10.x86_64.rpm
    repoid: ubi-8-appstream-rpms
    size: 24572708
    checksum: sha256:4d283a39969e559c70a93e26d9393e6ec0db39399595deec995f21e277c4c7b2
    name: gcc
    evr: 8.5.0-22.el8_10
    sourcerpm: gcc-8.5.0-22.el8_10.src.rpm
  - url: https://cdn-ubi.redhat.com/content/public/ubi/dist/ubi8/8/x86_64/appstream/os/Packages/g/gcc-c++-8.5.0-22.el8_10.x86_64.rpm
    repoid: ubi-8-appstream-rpms
    size: 12855236
    checksum: sha256:497393dddea700464604c6db66eaadc56d73161a1631d34fec6f0f52d4ad0a9d
    name: gcc-c++
    evr: 8.5.0-22.el8_10
    sourcerpm: gcc-8.5.0-22.el8_10.src.rpm
  - url: https://cdn-ubi.redhat.com/content/public/ubi/dist/ubi8/8/x86_64/appstream/os/Packages/i/isl-0.16.1-6.el8.x86_64.rpm
    repoid: ubi-8-appstream-rpms
    size: 861300
    checksum: sha256:67e906b7bf52efc411fcf86568a90d6bf580242a7dc2b2fff813f0864492c7ea
    name: isl
    evr: 0.16.1-6.el8
    sourcerpm: isl-0.16.1-6.el8.src.rpm
  - url: https://cdn-ubi.redhat.com/content/public/ubi/dist/ubi8/8/x86_64/appstream/os/Packages/l/libmpc-1.1.0-9.1.el8.x86_64.rpm
    repoid: ubi-8-appstream-rpms
    size: 62440
    checksum: sha256:230146e73dbaa1a259c2d8f1fbb10026c1726ebf2f14ef7e7e7957eb27b97ae9
    name: libmpc
    evr: 1.1.0-9.1.el8
    sourcerpm: libmpc-1.1.0-9.1.el8.src.rpm
  - url: https://cdn-ubi.redhat.com/content/public/ubi/dist/ubi8/8/x86_64/appstream/os/Packages/l/libstdc++-devel-8.5.0-22.el8_10.x86_64.rpm
    repoid: ubi-8-appstream-rpms
    size: 2151724
    checksum: sha256:0ebaa9bca285fb80a8656a9c5f35f459243774b01b8ed76f29b6a9c74b1af1d9
    name: libstdc++-devel
    evr: 8.5.0-22.el8_10
    sourcerpm: gcc-8.5.0-22.el8_10.src.rpm
  - url: https://cdn-ubi.redhat.com/content/public/ubi/dist/ubi8/8/x86_64/appstream/os/Packages/n/nodejs-10.24.0-1.module+el8.3.0+10166+b07ac28e.x86_64.rpm
    repoid: ubi-8-appstream-rpms
    size: 9278831
    checksum: sha256:aeb5f6ad9d697e49df213b81f7ef3fd54d3cb4d9b03c23d967b1ddb890ce9561
    name: nodejs
    evr: 1:10.24.0-1.module+el8.3.0+10166+b07ac28e
    sourcerpm: nodejs-10.24.0-1.module+el8.3.0+10166+b07ac28e.src.rpm
  - url: https://cdn-ubi.redhat.com/content/public/ubi/dist/ubi8/8/x86_64/appstream/os/Packages/n/nodejs-full-i18n-10.24.0-1.module+el8.3.0+10166+b07ac28e.x86_64.rpm
    repoid: ubi-8-appstream-rpms
    size: 7649939
    checksum: sha256:a2eca450bcf2d3568244fbc2ce3c0d22875eb001b8112cf757900a1eb4c55c1a
    name: nodejs-full-i18n
    evr: 1:10.24.0-1.module+el8.3.0+10166+b07ac28e
    sourcerpm: nodejs-10.24.0-1.module+el8.3.0+10166+b07ac28e.src.rpm
  - url: https://cdn-ubi.redhat.com/content/public/ubi/dist/ubi8/8/x86_64/appstream/os/Packages/n/npm-6.14.11-1.10.24.0.1.module+el8.3.0+10166+b07ac28e.x86_64.rpm
    repoid: ubi-8-appstream-rpms
    size: 3844595
    checksum: sha256:d17bbce0ad4d928b68a23c0fd487f79ee40c67ae4e2be7b40b5b40274e7def6a
    name: npm
    evr: 1:6.14.11-1.10.24.0.1.module+el8.3.0+10166+b07ac28e
    sourcerpm: nodejs-10.24.0-1.module+el8.3.0+10166+b07ac28e.src.rpm
  - url: https://cdn-ubi.redhat.com/content/public/ubi/dist/ubi8/8/x86_64/appstream/os/Packages/p/python38-3.8.17-2.module+el8.9.0+19642+a12b4af6.x86_64.rpm
    repoid: ubi-8-appstream-rpms
    size: 82650
    checksum: sha256:b20a9064b1fb565674bf677ede787e41ec7a905a57295abbf84c8b6b759e4e0e
    name: python38
    evr: 3.8.17-2.module+el8.9.0+19642+a12b4af6
    sourcerpm: python38-3.8.17-2.module+el8.9.0+19642+a12b4af6.src.rpm
  - url: https://cdn-ubi.redhat.com/content/public/ubi/dist/ubi8/8/x86_64/appstream/os/Packages/p/python38-devel-3.8.17-2.module+el8.9.0+19642+a12b4af6.x86_64.rpm
    repoid: ubi-8-appstream-rpms
    size: 279822
    checksum: sha256:12bebf3b8203e82fc1c579d6731fbff8a7291930cb9ec776c4b56a5406a17ac0
    name: python38-devel
    evr: 3.8.17-2.module+el8.9.0+19642+a12b4af6
    sourcerpm: python38-3.8.17-2.module+el8.9.0+19642+a12b4af6.src.rpm
  - url: https://cdn-ubi.redhat.com/content/public/ubi/dist/ubi8/8/x86_64/appstream/os/Packages/p/python38-libs-3.8.17-2.module+el8.9.0+19642+a12b4af6.x86_64.rpm
    repoid: ubi-8-appstream-rpms
    size: 8719982
    checksum: sha256:ff143b1b9e83a7c7ca870bb9cd36969b57f362de2fb55f289aed51f64a5f71a7
    name: python38-libs
    evr: 3.8.17-2.module+el8.9.0+19642+a12b4af6
    sourcerpm: python38-3.8.17-2.module+el8.9.0+19642+a12b4af6.src.rpm
  - url: https://cdn-ubi.redhat.com/content/public/ubi/dist/ubi8/8/x86_64/appstream/os/Packages/p/python38-pip-19.3.1-7.module+el8.9.0+19642+a12b4af6.noarch.rpm
    repoid: ubi-8-appstream-rpms
    size: 1799918
    checksum: sha256:6eeafc82646272755213d2fed76d3a64870325ab47ce7e12c8f3d056bfc20e2c
    name: python38-pip
    evr: 19.3.1-7.module+el8.9.0+19642+a12b4af6
    sourcerpm: python3x-pip-19.3.1-7.module+el8.9.0+19642+a12b4af6.src.rpm
  - url: https://cdn-ubi.redhat.com/content/public/ubi/dist/ubi8/8/x86_64/appstream/os/Packages/p/python38-pip-wheel-19.3.1-7.module+el8.9.0+19642+a12b4af6.noarch.rpm
    repoid: ubi-8-appstream-rpms
    size: 1035910
    checksum: sha256:9542bf4bc17df71a54377d80b2330bfcff24afd0145c9e530abd48152f18239e
    name: python38-pip-wheel
    evr: 19.3.1-7.module+el8.9.0+19642+a12b4af6
    sourcerpm: python3x-pip-19.3.1-7.module+el8.9.0+19642+a12b4af6.src.rpm
  - url: https://cdn-ubi.redhat.com/content/public/ubi/dist/ubi8/8/x86_64/appstream/os/Packages/p/python38-setuptools-41.6.0-5.module+el8.9.0+19592+4b459c9b.noarch.rpm
    repoid: ubi-8-appstream-rpms
    size: 683594
    checksum: sha256:d0cd809655799fa3b7dbd0a587a99efef41f8d67d36b35fe66fe7bc874ff453d
    name: python38-setuptools
    evr: 41.6.0-5.module+el8.9.0+19592+4b459c9b
    sourcerpm: python3x-setuptools-41.6.0-5.module+el8.9.0+19592+4b459c9b.src.rpm
  - url: https://cdn-ubi.redhat.com/content/public/ubi/dist/ubi8/8/x86_64/appstream/os/Packages/p/python38-setuptools-wheel-41.6.0-5.module+el8.9.0+19592+4b459c9b.noarch.rpm
    repoid: ubi-8-appstream-rpms
    size: 311130
    checksum: sha256:c23a9fe385f30353f72a53918503be532c5bc1a072b70f8f4c3287098a459ec0
    name: python38-setuptools-wheel
    evr: 41.6.0-5.module+el8.9.0+19592+4b459c9b
    sourcerpm: python3x-setuptools-41.6.0-5.module+el8.9.0+19592+4b459c9b.src.rpm
  - url: https://cdn-ubi.redhat.com/content/public/ubi/dist/ubi8/8/x86_64/baseos/os/Packages/b/basesystem-11-5.el8.noarch.rpm
    repoid: ubi-8-baseos-rpms
    size: 10756
    checksum: sha256:b9584e6823ffe9ccf79282bd57ee076a1e3a71c4c1020a20b5e1975141a50f14
    name: basesystem
    evr: 11-5.el8
    sourcerpm: basesystem-11-5.el8.src.rpm
  - url: https://cdn-ubi.redhat.com/content/public/ubi/dist/ubi8/8/x86_64/baseos/os/Packages/b/bash-4.4.20-5.el8.x86_64.rpm
    repoid: ubi-8-baseos-rpms
    size: 1622480
    checksum: sha256:3fca78c61e72c8ed21a8fd123ccaf253c86beebc6196b44aa3e029871e22b8c4
    name: bash
    evr: 4.4.20-5.el8
    sourcerpm: bash-4.4.20-5.el8.src.rpm
  - url: https://cdn-ubi.redhat.com/content/public/ubi/dist/ubi8/8/x86_64/baseos/os/Packages/b/binutils-2.30-123.el8.x86_64.rpm
    repoid: ubi-8-baseos-rpms
    size: 6094684
    checksum: sha256:320e7c22d9e27726827d278ca4f585bd6980bff530d8d7c9d759199625cd29f6
    name: binutils
    evr: 2.30-123.el8
    sourcerpm: binutils-2.30-123.el8.src.rpm
  - url: https://cdn-ubi.redhat.com/content/public/ubi/dist/ubi8/8/x86_64/baseos/os/Packages/b/bzip2-libs-1.0.6-26.el8.x86_64.rpm
    repoid: ubi-8-baseos-rpms
    size: 49120
    checksum: sha256:4d1be1a327a1ef7f0fa6a0005f32b962d446597febebae80b21d8f8f1355a8aa
    name: bzip2-libs
    evr: 1.0.6-26.el8
    sourcerpm: bzip2-1.0.6-26.el8.src.rpm
  - url: https://cdn-ubi.redhat.com/content/public/ubi/dist/ubi8/8/x86_64/baseos/os/Packages/c/ca-certificates-2023.2.60_v7.0.306-80.0.el8_8.noarch.rpm
    repoid: ubi-8-baseos-rpms
    size: 957464
    checksum: sha256:ff92e0dad18fe991855ee55ab0053b8f86c3fbd4cf96d710e186dc8e9da6936c
    name: ca-certificates
    evr: 2023.2.60_v7.0.306-80.0.el8_8
    sourcerpm: ca-certificates-2023.2.60_v7.0.306-80.0.el8_8.src.rpm
  - url: https://cdn-ubi.redhat.com/content/public/ubi/dist/ubi8/8/x86_64/baseos/os/Packages/c/chkconfig-1.19.2-1.el8.x86_64.rpm
    repoid: ubi-8-baseos-rpms
    size: 203364
    checksum: sha256:35286c6cd8f5e98140b95c625b23cec30faf48fcc59cc988f9228f6d857cf287
    name: chkconfig
    evr: 1.19.2-1.el8
    sourcerpm: chkconfig-1.19.2-1.el8.src.rpm
  - url: https://cdn-ubi.redhat.com/content/public/ubi/dist/ubi8/8/x86_64/baseos/os/Packages/c/coreutils-8.30-15.el8.x86_64.rpm
    repoid: ubi-8-baseos-rpms
    size: 1274536
    checksum: sha256:c7e02ffc3471e2d7ea8fbf19f1800742eeb0ea729ab6ec5796b1c9e1f65c1ef6
    name: coreutils
    evr: 8.30-15.el8
    sourcerpm: coreutils-8.30-15.el8.src.rpm
  - url: https://cdn-ubi.redhat.com/content/public/ubi/dist/ubi8/8/x86_64/baseos/os/Packages/c/coreutils-common-8.30-15.el8.x86_64.rpm
    repoid: ubi-8-baseos-rpms
    size: 2092844
    checksum: sha256:f916e02672303e038ed39fee2bba94096db4d87d9ea061b1aba0e95930ecc28f
    name: coreutils-common
    evr: 8.30-15.el8
    sourcerpm: coreutils-8.30-15.el8.src.rpm
  - url: https://cdn-ubi.redhat.com/content/public/ubi/dist/ubi8/8/x86_64/baseos/os/Packages/c/crypto-policies-20230731-1.git3177e06.el8.noarch.rpm
    repoid: ubi-8-baseos-rpms
    size: 65848
    checksum: sha256:05e1adb9bab2ce597e4ed4c6711f6000f0a5a56e1a85ba1a9098540633c144e7
    name: crypto-policies
    evr: 20230731-1.git3177e06.el8
    sourcerpm: crypto-policies-20230731-1.git3177e06.el8.src.rpm
  - url: https://cdn-ubi.redhat.com/content/public/ubi/dist/ubi8/8/x86_64/baseos/os/Packages/c/crypto-policies-scripts-20230731-1.git3177e06.el8.noarch.rpm
    repoid: ubi-8-baseos-rpms
    size: 86232
    checksum: sha256:06b11ba8e168d524a902768b07b42e1cb7a6b502de447d504d8c7b59ca7584ac
    name: crypto-policies-scripts
    evr: 20230731-1.git3177e06.el8
    sourcerpm: crypto-policies-20230731-1.git3177e06.el8.src.rpm
  - url: https://cdn-ubi.redhat.com/content/public/ubi/dist/ubi8/8/x86_64/baseos/os/Packages/e/expat-2.2.5-13.el8_10.x86_64.rpm
    repoid: ubi-8-baseos-rpms
    size: 116720
    checksum: sha256:2dff8525cdf36fd352bae267c7bed6fdffebc79a75fa39d3d12c7151be7418fa
    name: expat
    evr: 2.2.5-13.el8_10
    sourcerpm: expat-2.2.5-13.el8_10.src.rpm
  - url: https://cdn-ubi.redhat.com/content/public/ubi/dist/ubi8/8/x86_64/baseos/os/Packages/f/filesystem-3.8-6.el8.x86_64.rpm
    repoid: ubi-8-baseos-rpms
    size: 1135804
    checksum: sha256:f82affbd5887242a28bc5bb3f9b3fffde0bf8e2632e958fbf13a76d450fd358a
    name: filesystem
    evr: 3.8-6.el8
    sourcerpm: filesystem-3.8-6.el8.src.rpm
  - url: https://cdn-ubi.redhat.com/content/public/ubi/dist/ubi8/8/x86_64/baseos/os/Packages/g/gawk-4.2.1-4.el8.x86_64.rpm
    repoid: ubi-8-baseos-rpms
    size: 1190704
    checksum: sha256:59b3cff57ffbea4c4c011e6a81341a1203c18b91569fff019c93b756331300f8
    name: gawk
    evr: 4.2.1-4.el8
    sourcerpm: gawk-4.2.1-4.el8.src.rpm
  - url: https://cdn-ubi.redhat.com/content/public/ubi/dist/ubi8/8/x86_64/baseos/os/Packages/g/gdbm-1.18-2.el8.x86_64.rpm
    repoid: ubi-8-baseos-rpms
    size: 132820
    checksum: sha256:a8e1839ca386b258656d4a4108049857a257fbd4cf7520d698e0bfa9edd9c4c1
    name: gdbm
    evr: 1:1.18-2.el8
    sourcerpm: gdbm-1.18-2.el8.src.rpm
  - url: https://cdn-ubi.redhat.com/content/public/ubi/dist/ubi8/8/x86_64/baseos/os/Packages/g/gdbm-libs-1.18-2.el8.x86_64.rpm
    repoid: ubi-8-baseos-rpms
    size: 61820
    checksum: sha256:cfa6bd007cf38a40166de803c4aa0ccae2a6f5ffc756efa6e14a2cab228ec22b
    name: gdbm-libs
    evr: 1:1.18-2.el8
    sourcerpm: gdbm-1.18-2.el8.src.rpm
  - url: https://cdn-ubi.redhat.com/content/public/ubi/dist/ubi8/8/x86_64/baseos/os/Packages/g/glibc-2.28-251.el8_10.2.x86_64.rpm
    repoid: ubi-8-baseos-rpms
    size: 2353860
    checksum: sha256:4c88b3189ceb325129c820d3f718d89046c30587cc18bf3b0bb25487c4d955db
    name: glibc
    evr: 2.28-251.el8_10.2
    sourcerpm: glibc-2.28-251.el8_10.2.src.rpm
  - url: https://cdn-ubi.redhat.com/content/public/ubi/dist/ubi8/8/x86_64/baseos/os/Packages/g/glibc-common-2.28-251.el8_10.2.x86_64.rpm
    repoid: ubi-8-baseos-rpms
    size: 1050284
    checksum: sha256:a667db9fc05fbfc8e83c52cf75f4cdb049ac439a421f2aac14a00ce99c23dd86
    name: glibc-common
    evr: 2.28-251.el8_10.2
    sourcerpm: glibc-2.28-251.el8_10.2.src.rpm
  - url: https://cdn-ubi.redhat.com/content/public/ubi/dist/ubi8/8/x86_64/baseos/os/Packages/g/glibc-devel-2.28-251.el8_10.2.x86_64.rpm
    repoid: ubi-8-baseos-rpms
    size: 89480
    checksum: sha256:24edeaabaa1b0252c56b066d42100e3f937f754d7728c1629e7442afdb993c23
    name: glibc-devel
    evr: 2.28-251.el8_10.2
    sourcerpm: glibc-2.28-251.el8_10.2.src.rpm
  - url: https://cdn-ubi.redhat.com/content/public/ubi/dist/ubi8/8/x86_64/baseos/os/Packages/g/glibc-gconv-extra-2.28-251.el8_10.2.x86_64.rpm
    repoid: ubi-8-baseos-rpms
    size: 1626272
    checksum: sha256:841d0d303fe3923c5e5b3230e11d49ef932c43129755d9c596f8800de2269006
    name: glibc-gconv-extra
    evr: 2.28-251.el8_10.2
    sourcerpm: glibc-2.28-251.el8_10.2.src.rpm
  - url: https://cdn-ubi.redhat.com/content/public/ubi/dist/ubi8/8/x86_64/baseos/os/Packages/g/glibc-headers-2.28-251.el8_10.2.x86_64.rpm
    repoid: ubi-8-baseos-rpms
    size: 504104
    checksum: sha256:6558d48aa39bf92dae520ee2bc8a617bc8ad6e749758e650e7e7836f814ee5a1
    name: glibc-headers
    evr: 2.28-251.el8_10.2
    sourcerpm: glibc-2.28-251.el8_10.2.src.rpm
  - url: https://cdn-ubi.redhat.com/content/public/ubi/dist/ubi8/8/x86_64/baseos/os/Packages/g/glibc-minimal-langpack-2.28-251.el8_10.2.x86_64.rpm
    repoid: ubi-8-baseos-rpms
    size: 70936
    checksum: sha256:0f3f60edd22b6e31eca15e0344d4ac7b6da52faf3286f7aab13a6df7a1f66e09
    name: glibc-minimal-langpack
    evr: 2.28-251.el8_10.2
    sourcerpm: glibc-2.28-251.el8_10.2.src.rpm
  - url: https://cdn-ubi.redhat.com/content/public/ubi/dist/ubi8/8/x86_64/baseos/os/Packages/g/gmp-6.1.2-11.el8.x86_64.rpm
    repoid: ubi-8-baseos-rpms
    size: 325760
    checksum: sha256:c252d3cb19324c4e4f82c8a1dc50933be0696ebaa3b2143c036cef7fc698835d
    name: gmp
    evr: 1:6.1.2-11.el8
    sourcerpm: gmp-6.1.2-11.el8.src.rpm
  - url: https://cdn-ubi.redhat.com/content/public/ubi/dist/ubi8/8/x86_64/baseos/os/Packages/g/grep-3.1-6.el8.x86_64.rpm
    repoid: ubi-8-baseos-rpms
    size: 280356
    checksum: sha256:d570af0578f5b2c6225f1f2354404f65bccf91c3974e98dcbc0c7b55a61b9b46
    name: grep
    evr: 3.1-6.el8
    sourcerpm: grep-3.1-6.el8.src.rpm
  - url: https://cdn-ubi.redhat.com/content/public/ubi/dist/ubi8/8/x86_64/baseos/os/Packages/i/info-6.5-7.el8.x86_64.rpm
    repoid: ubi-8-baseos-rpms
    size: 203252
    checksum: sha256:c8bf8b80be0af687b21bdc37eed82e582f3efbe2466ce81e59f733d6029fb78b
    name: info
    evr: 6.5-7.el8
    sourcerpm: texinfo-6.5-7.el8.src.rpm
  - url: https://cdn-ubi.redhat.com/content/public/ubi/dist/ubi8/8/x86_64/baseos/os/Packages/k/kernel-headers-4.18.0-553.16.1.el8_10.x86_64.rpm
    repoid: ubi-8-baseos-rpms
    size: 12350840
    checksum: sha256:bfe45315fb0ae1087a094f7b07d10027278d120702736067c25453a000431789
    name: kernel-headers
    evr: 4.18.0-553.16.1.el8_10
    sourcerpm: kernel-4.18.0-553.16.1.el8_10.src.rpm
  - url: https://cdn-ubi.redhat.com/content/public/ubi/dist/ubi8/8/x86_64/baseos/os/Packages/k/keyutils-libs-1.5.10-9.el8.x86_64.rpm
    repoid: ubi-8-baseos-rpms
    size: 34816
    checksum: sha256:240b40a71d01005c0c8f780e5589e3999e3d6aa34e2a5e4eaf6f845fd21c7b5b
    name: keyutils-libs
    evr: 1.5.10-9.el8
    sourcerpm: keyutils-1.5.10-9.el8.src.rpm
  - url: https://cdn-ubi.redhat.com/content/public/ubi/dist/ubi8/8/x86_64/baseos/os/Packages/k/krb5-libs-1.18.2-28.el8_10.x86_64.rpm
    repoid: ubi-8-baseos-rpms
    size: 863320
    checksum: sha256:c2425759d0b1b2e2dc09792cf0ba1a028dd6e7f2ab818fd126118a76d23ce734
    name: krb5-libs
    evr: 1.18.2-28.el8_10
    sourcerpm: krb5-1.18.2-28.el8_10.src.rpm
  - url: https://cdn-ubi.redhat.com/content/public/ubi/dist/ubi8/8/x86_64/baseos/os/Packages/l/libacl-2.2.53-3.el8.x86_64.rpm
    repoid: ubi-8-baseos-rpms
    size: 35644
    checksum: sha256:adfa60272a36d4b6ff9fdaf916ce16b515b0e46bc2f96e313359fad35a6fae58
    name: libacl
    evr: 2.2.53-3.el8
    sourcerpm: acl-2.2.53-3.el8.src.rpm
  - url: https://cdn-ubi.redhat.com/content/public/ubi/dist/ubi8/8/x86_64/baseos/os/Packages/l/libattr-2.4.48-3.el8.x86_64.rpm
    repoid: ubi-8-baseos-rpms
    size: 27572
    checksum: sha256:2733570f8ea94551f3381538f9c8642c88532c800b384c07b4db02f6b8896c3f
    name: libattr
    evr: 2.4.48-3.el8
    sourcerpm: attr-2.4.48-3.el8.src.rpm
  - url: https://cdn-ubi.redhat.com/content/public/ubi/dist/ubi8/8/x86_64/baseos/os/Packages/l/libcap-2.48-6.el8_9.x86_64.rpm
    repoid: ubi-8-baseos-rpms
    size: 76264
    checksum: sha256:53d1d3b3387e8fea15d204b277a6b47e07f8d53bc5e48de84db5242ae3391569
    name: libcap
    evr: 2.48-6.el8_9
    sourcerpm: libcap-2.48-6.el8_9.src.rpm
  - url: https://cdn-ubi.redhat.com/content/public/ubi/dist/ubi8/8/x86_64/baseos/os/Packages/l/libcom_err-1.45.6-5.el8.x86_64.rpm
    repoid: ubi-8-baseos-rpms
    size: 50552
    checksum: sha256:4ec238fdfb608694b5a973f624004b8671e4e787c6addfc3c8d486a6d3bcce8f
    name: libcom_err
    evr: 1.45.6-5.el8
    sourcerpm: e2fsprogs-1.45.6-5.el8.src.rpm
  - url: https://cdn-ubi.redhat.com/content/public/ubi/dist/ubi8/8/x86_64/baseos/os/Packages/l/libffi-3.1-24.el8.x86_64.rpm
    repoid: ubi-8-baseos-rpms
    size: 38584
    checksum: sha256:e90e92c3364fa407cbdbb30aaf3d25b1542ee33b4269ca4953f03c74fc614d68
    name: libffi
    evr: 3.1-24.el8
    sourcerpm: libffi-3.1-24.el8.src.rpm
  - url: https://cdn-ubi.redhat.com/content/public/ubi/dist/ubi8/8/x86_64/baseos/os/Packages/l/libgcc-8.5.0-22.el8_10.x86_64.rpm
    repoid: ubi-8-baseos-rpms
    size: 83632
    checksum: sha256:638867f9043481ce212c2575d1a8dfed075dbf6099e82f8418e688ce6c64997f
    name: libgcc
    evr: 8.5.0-22.el8_10
    sourcerpm: gcc-8.5.0-22.el8_10.src.rpm
  - url: https://cdn-ubi.redhat.com/content/public/ubi/dist/ubi8/8/x86_64/baseos/os/Packages/l/libgomp-8.5.0-22.el8_10.x86_64.rpm
    repoid: ubi-8-baseos-rpms
    size: 213196
    checksum: sha256:87e721009e53e5f1b1d6c1ff2f3c1cc07a68dd43e896cfda1e96cd49949145be
    name: libgomp
    evr: 8.5.0-22.el8_10
    sourcerpm: gcc-8.5.0-22.el8_10.src.rpm
  - url: https://cdn-ubi.redhat.com/content/public/ubi/dist/ubi8/8/x86_64/baseos/os/Packages/l/libnsl2-1.2.0-2.20180605git4a062cf.el8.x86_64.rpm
    repoid: ubi-8-baseos-rpms
    size: 59120
    checksum: sha256:f7e60c8a5eaf056a9c67834671561196b961fba7bc763568f1c01c3ab998bb46
    name: libnsl2
    evr: 1.2.0-2.20180605git4a062cf.el8
    sourcerpm: libnsl2-1.2.0-2.20180605git4a062cf.el8.src.rpm
  - url: https://cdn-ubi.redhat.com/content/public/ubi/dist/ubi8/8/x86_64/baseos/os/Packages/l/libpkgconf-1.4.2-1.el8.x86_64.rpm
    repoid: ubi-8-baseos-rpms
    size: 35620
    checksum: sha256:96fadfed6a8225a89b331e7b62ed8ee74b393cea1520fa0d89f6f0dc1a458fb3
    name: libpkgconf
    evr: 1.4.2-1.el8
    sourcerpm: pkgconf-1.4.2-1.el8.src.rpm
  - url: https://cdn-ubi.redhat.com/content/public/ubi/dist/ubi8/8/x86_64/baseos/os/Packages/l/libselinux-2.9-8.el8.x86_64.rpm
    repoid: ubi-8-baseos-rpms
    size: 169708
    checksum: sha256:7ed949a9db975f9bbd5e5309cc44b2f7e1b01618a34408ad66fd850e3fa5426c
    name: libselinux
    evr: 2.9-8.el8
    sourcerpm: libselinux-2.9-8.el8.src.rpm
  - url: https://cdn-ubi.redhat.com/content/public/ubi/dist/ubi8/8/x86_64/baseos/os/Packages/l/libsepol-2.9-3.el8.x86_64.rpm
    repoid: ubi-8-baseos-rpms
    size: 348080
    checksum: sha256:d35b0de2bd7c4cf0a2389786b7c61c8d4af176640cbd2427373faeb7c8315f6e
    name: libsepol
    evr: 2.9-3.el8
    sourcerpm: libsepol-2.9-3.el8.src.rpm
  - url: https://cdn-ubi.redhat.com/content/public/ubi/dist/ubi8/8/x86_64/baseos/os/Packages/l/libsigsegv-2.11-5.el8.x86_64.rpm
    repoid: ubi-8-baseos-rpms
    size: 31012
    checksum: sha256:d0188d22323619c9069c2de6f85ebe5302c76fde5f52ebd148988e75a75110dc
    name: libsigsegv
    evr: 2.11-5.el8
    sourcerpm: libsigsegv-2.11-5.el8.src.rpm
  - url: https://cdn-ubi.redhat.com/content/public/ubi/dist/ubi8/8/x86_64/baseos/os/Packages/l/libstdc++-8.5.0-22.el8_10.x86_64.rpm
    repoid: ubi-8-baseos-rpms
    size: 465992
    checksum: sha256:f804203d7c5a6c621a8f98726d3bc584cda6bd6feb470f9a11916f16875cad3e
    name: libstdc++
    evr: 8.5.0-22.el8_10
    sourcerpm: gcc-8.5.0-22.el8_10.src.rpm
  - url: https://cdn-ubi.redhat.com/content/public/ubi/dist/ubi8/8/x86_64/baseos/os/Packages/l/libtasn1-4.13-4.el8_7.x86_64.rpm
    repoid: ubi-8-baseos-rpms
    size: 77996
    checksum: sha256:02fcb1788b6744a6ace0ef01de9e6df4006b83f6f4957bed3eee5b77b9b6ba0e
    name: libtasn1
    evr: 4.13-4.el8_7
    sourcerpm: libtasn1-4.13-4.el8_7.src.rpm
  - url: https://cdn-ubi.redhat.com/content/public/ubi/dist/ubi8/8/x86_64/baseos/os/Packages/l/libtirpc-1.1.4-12.el8_10.x86_64.rpm
    repoid: ubi-8-baseos-rpms
    size: 116808
    checksum: sha256:d35b01a79f17bcaca9a774fa78136acadabf6f627db43b7dca43a83a63afffa4
    name: libtirpc
    evr: 1.1.4-12.el8_10
    sourcerpm: libtirpc-1.1.4-12.el8_10.src.rpm
  - url: https://cdn-ubi.redhat.com/content/public/ubi/dist/ubi8/8/x86_64/baseos/os/Packages/l/libuuid-2.32.1-46.el8.x86_64.rpm
    repoid: ubi-8-baseos-rpms
    size: 101656
    checksum: sha256:5f24ded4d1436da0fef69b6c9288768ce41e1d2caf4849c49426e06d5212f5af
    name: libuuid
    evr: 2.32.1-46.el8
    sourcerpm: util-linux-2.32.1-46.el8.src.rpm
  - url: https://cdn-ubi.redhat.com/content/public/ubi/dist/ubi8/8/x86_64/baseos/os/Packages/l/libverto-0.3.2-2.el8.x86_64.rpm
    repoid: ubi-8-baseos-rpms
    size: 24636
    checksum: sha256:984b30f3b4e34fb2b2659331df9d13c27301fd7ae6b6ea86860a5a1ac9d62597
    name: libverto
    evr: 0.3.2-2.el8
    sourcerpm: libverto-0.3.2-2.el8.src.rpm
  - url: https://cdn-ubi.redhat.com/content/public/ubi/dist/ubi8/8/x86_64/baseos/os/Packages/l/libxcrypt-4.1.1-6.el8.x86_64.rpm
    repoid: ubi-8-baseos-rpms
    size: 74508
    checksum: sha256:ef9144f8c9d3f8c1a28146055370065e7b546f1163caabd08bc7d54667702982
    name: libxcrypt
    evr: 4.1.1-6.el8
    sourcerpm: libxcrypt-4.1.1-6.el8.src.rpm
  - url: https://cdn-ubi.redhat.com/content/public/ubi/dist/ubi8/8/x86_64/baseos/os/Packages/l/libxcrypt-devel-4.1.1-6.el8.x86_64.rpm
    repoid: ubi-8-baseos-rpms
    size: 25844
    checksum: sha256:f747e081cde1b64bd018e858928aa45dd3b160e6493f8b9c35488a19b6783a84
    name: libxcrypt-devel
    evr: 4.1.1-6.el8
    sourcerpm: libxcrypt-4.1.1-6.el8.src.rpm
  - url: https://cdn-ubi.redhat.com/content/public/ubi/dist/ubi8/8/x86_64/baseos/os/Packages/m/mpfr-3.1.6-1.el8.x86_64.rpm
    repoid: ubi-8-baseos-rpms
    size: 226672
    checksum: sha256:28ccf9ff472c824f6c5a3c2a0c076bfa221b8e48368e43de9b3c2e83d67e8b5d
    name: mpfr
    evr: 3.1.6-1.el8
    sourcerpm: mpfr-3.1.6-1.el8.src.rpm
  - url: https://cdn-ubi.redhat.com/content/public/ubi/dist/ubi8/8/x86_64/baseos/os/Packages/n/ncurses-6.1-10.20180224.el8.x86_64.rpm
    repoid: ubi-8-baseos-rpms
    size: 396400
    checksum: sha256:998836898721566d3ff94e6d8babada71cc3635169c0763f4b53afabc5446fa1
    name: ncurses
    evr: 6.1-10.20180224.el8
    sourcerpm: ncurses-6.1-10.20180224.el8.src.rpm
  - url: https://cdn-ubi.redhat.com/content/public/ubi/dist/ubi8/8/x86_64/baseos/os/Packages/n/ncurses-base-6.1-10.20180224.el8.noarch.rpm
    repoid: ubi-8-baseos-rpms
    size: 83276
    checksum: sha256:207f5578dd44a73761178f8b01030151e44d3d046c1578446d558c5a0a2bf34a
    name: ncurses-base
    evr: 6.1-10.20180224.el8
    sourcerpm: ncurses-6.1-10.20180224.el8.src.rpm
  - url: https://cdn-ubi.redhat.com/content/public/ubi/dist/ubi8/8/x86_64/baseos/os/Packages/n/ncurses-libs-6.1-10.20180224.el8.x86_64.rpm
    repoid: ubi-8-baseos-rpms
    size: 341660
    checksum: sha256:19bd810dfea7846a38a3b61ff47eaf758d2fd9d327e94eb0c7562de4c59414d5
    name: ncurses-libs
    evr: 6.1-10.20180224.el8
    sourcerpm: ncurses-6.1-10.20180224.el8.src.rpm
  - url: https://cdn-ubi.redhat.com/content/public/ubi/dist/ubi8/8/x86_64/baseos/os/Packages/o/openssl-1.1.1k-12.el8_9.x86_64.rpm
    repoid: ubi-8-baseos-rpms
    size: 727800
    checksum: sha256:b3ebcd7861e92e2970e59a8db2b28c92532ae8bb9d8dbf31c5f07fca18d949f1
    name: openssl
    evr: 1:1.1.1k-12.el8_9
    sourcerpm: openssl-1.1.1k-12.el8_9.src.rpm
  - url: https://cdn-ubi.redhat.com/content/public/ubi/dist/ubi8/8/x86_64/baseos/os/Packages/o/openssl-libs-1.1.1k-12.el8_9.x86_64.rpm
    repoid: ubi-8-baseos-rpms
    size: 1542652
    checksum: sha256:d1922c4b25187263adc3b05f881ca91cb10c1d332aa22b8df56dfb866112d750
    name: openssl-libs
    evr: 1:1.1.1k-12.el8_9
    sourcerpm: openssl-1.1.1k-12.el8_9.src.rpm
  - url: https://cdn-ubi.redhat.com/content/public/ubi/dist/ubi8/8/x86_64/baseos/os/Packages/o/openssl-pkcs11-0.4.10-3.el8.x86_64.rpm
    repoid: ubi-8-baseos-rpms
    size: 67740
    checksum: sha256:035d3b090309c940d4c56179a069febacbe65b8119950ce59bbdce88ce85b9d7
    name: openssl-pkcs11
    evr: 0.4.10-3.el8
    sourcerpm: openssl-pkcs11-0.4.10-3.el8.src.rpm
  - url: https://cdn-ubi.redhat.com/content/public/ubi/dist/ubi8/8/x86_64/baseos/os/Packages/p/p11-kit-0.23.22-2.el8.x86_64.rpm
    repoid: ubi-8-baseos-rpms
    size: 334852
    checksum: sha256:25cea1589f41afdf0397e8b48a8b333976ec545ecafdacdb701481726279193f
    name: p11-kit
    evr: 0.23.22-2.el8
    sourcerpm: p11-kit-0.23.22-2.el8.src.rpm
  - url: https://cdn-ubi.redhat.com/content/public/ubi/dist/ubi8/8/x86_64/baseos/os/Packages/p/p11-kit-trust-0.23.22-2.el8.x86_64.rpm
    repoid: ubi-8-baseos-rpms
    size: 141216
    checksum: sha256:68289d90ace259e65df400cada3ec8d1fded98a2a33b92bbca4f1029b300c748
    name: p11-kit-trust
    evr: 0.23.22-2.el8
    sourcerpm: p11-kit-0.23.22-2.el8.src.rpm
  - url: https://cdn-ubi.redhat.com/content/public/ubi/dist/ubi8/8/x86_64/baseos/os/Packages/p/pcre-8.42-6.el8.x86_64.rpm
    repoid: ubi-8-baseos-rpms
    size: 215668
    checksum: sha256:d1dbdff1f5e543bc5dcd8c957b07947cebd9ae4c3ba6d0cdf52a2a8c014c2fd5
    name: pcre
    evr: 8.42-6.el8
    sourcerpm: pcre-8.42-6.el8.src.rpm
  - url: https://cdn-ubi.redhat.com/content/public/ubi/dist/ubi8/8/x86_64/baseos/os/Packages/p/pcre2-10.32-3.el8_6.x86_64.rpm
    repoid: ubi-8-baseos-rpms
    size: 252604
    checksum: sha256:c504e02ff8af5607b7b23bcdceee78f728ab16a9adc053bd774739d520d95ecb
    name: pcre2
    evr: 10.32-3.el8_6
    sourcerpm: pcre2-10.32-3.el8_6.src.rpm
  - url: https://cdn-ubi.redhat.com/content/public/ubi/dist/ubi8/8/x86_64/baseos/os/Packages/p/pkgconf-1.4.2-1.el8.x86_64.rpm
    repoid: ubi-8-baseos-rpms
    size: 38956
    checksum: sha256:b9d0a4c0e16db4c05b2d0690216d8c5da2db7d67bc765a00ce2a32c5f810c245
    name: pkgconf
    evr: 1.4.2-1.el8
    sourcerpm: pkgconf-1.4.2-1.el8.src.rpm
  - url: https://cdn-ubi.redhat.com/content/public/ubi/dist/ubi8/8/x86_64/baseos/os/Packages/p/pkgconf-m4-1.4.2-1.el8.noarch.rpm
    repoid: ubi-8-baseos-rpms
    size: 17484
    checksum: sha256:9a89874a5b8326c85c0b34b02c122ffc052b32a12b20354ce95859ac5296a159
    name: pkgconf-m4
    evr: 1.4.2-1.el8
    sourcerpm: pkgconf-1.4.2-1.el8.src.rpm
  - url: https://cdn-ubi.redhat.com/content/public/ubi/dist/ubi8/8/x86_64/baseos/os/Packages/p/pkgconf-pkg-config-1.4.2-1.el8.x86_64.rpm
    repoid: ubi-8-baseos-rpms
    size: 15628
    checksum: sha256:1c4a8674eafc31d36030f3fd0c081326d4301570d4e35b59d6f6ef1e163f655b
    name: pkgconf-pkg-config
    evr: 1.4.2-1.el8
    sourcerpm: pkgconf-1.4.2-1.el8.src.rpm
  - url: https://cdn-ubi.redhat.com/content/public/ubi/dist/ubi8/8/x86_64/baseos/os/Packages/p/platform-python-3.6.8-62.el8_10.x86_64.rpm
    repoid: ubi-8-baseos-rpms
    size: 89748
    checksum: sha256:9af83a9e0e00eaae081d39deb6ed50a72dca3e84f472a3c337cb911b461dc87a
    name: platform-python
    evr: 3.6.8-62.el8_10
    sourcerpm: python3-3.6.8-62.el8_10.src.rpm
  - url: https://cdn-ubi.redhat.com/content/public/ubi/dist/ubi8/8/x86_64/baseos/os/Packages/p/platform-python-pip-9.0.3-24.el8.noarch.rpm
    repoid: ubi-8-baseos-rpms
    size: 1633024
    checksum: sha256:a9104ca3388b74f665c2648cde81043cc7748bf1ca5a7f2a4148b86013206fc8
    name: platform-python-pip
    evr: 9.0.3-24.el8
    sourcerpm: python-pip-9.0.3-24.el8.src.rpm
  - url: https://cdn-ubi.redhat.com/content/public/ubi/dist/ubi8/8/x86_64/baseos/os/Packages/p/platform-python-setuptools-39.2.0-7.el8.noarch.rpm
    repoid: ubi-8-baseos-rpms
    size: 647392
    checksum: sha256:429a11e9b6b3b3ad2e050f234198fcd6ad84f59ff52d91084f9d8ef7a63d461c
    name: platform-python-setuptools
    evr: 39.2.0-7.el8
    sourcerpm: python-setuptools-39.2.0-7.el8.src.rpm
  - url: https://cdn-ubi.redhat.com/content/public/ubi/dist/ubi8/8/x86_64/baseos/os/Packages/p/popt-1.18-1.el8.x86_64.rpm
    repoid: ubi-8-baseos-rpms
    size: 62856
    checksum: sha256:150e9dbb5a19483c85c25c722ff63a08d9411023c40faf88f42843fdf68ea275
    name: popt
    evr: 1.18-1.el8
    sourcerpm: popt-1.18-1.el8.src.rpm
  - url: https://cdn-ubi.redhat.com/content/public/ubi/dist/ubi8/8/x86_64/baseos/os/Packages/p/python3-libs-3.6.8-62.el8_10.x86_64.rpm
    repoid: ubi-8-baseos-rpms
    size: 8241948
    checksum: sha256:5c0eeed560183a1e46be58d0207521c776cb82853d91e708654388696c7a8cdf
    name: python3-libs
    evr: 3.6.8-62.el8_10
    sourcerpm: python3-3.6.8-62.el8_10.src.rpm
  - url: https://cdn-ubi.redhat.com/content/public/ubi/dist/ubi8/8/x86_64/baseos/os/Packages/p/python3-pip-wheel-9.0.3-24.el8.noarch.rpm
    repoid: ubi-8-baseos-rpms
    size: 886996
    checksum: sha256:9bf511b12174637c1163f224deb28a0ea7f8f4565231e3a0e8eb64f37ce27d08
    name: python3-pip-wheel
    evr: 9.0.3-24.el8
    sourcerpm: python-pip-9.0.3-24.el8.src.rpm
  - url: https://cdn-ubi.redhat.com/content/public/ubi/dist/ubi8/8/x86_64/baseos/os/Packages/p/python3-setuptools-wheel-39.2.0-7.el8.noarch.rpm
    repoid: ubi-8-baseos-rpms
    size: 295960
    checksum: sha256:c3a305474dd2b81d569d403079a7bccefd7c26e7b8a5792e4cf95c41b2bbe9ff
    name: python3-setuptools-wheel
    evr: 39.2.0-7.el8
    sourcerpm: python-setuptools-39.2.0-7.el8.src.rpm
  - url: https://cdn-ubi.redhat.com/content/public/ubi/dist/ubi8/8/x86_64/baseos/os/Packages/r/readline-7.0-10.el8.x86_64.rpm
    repoid: ubi-8-baseos-rpms
    size: 204216
    checksum: sha256:ef221ca565f17ed425997e97fdeb5fc27261910659fa61372b18d93e1a5613e9
    name: readline
    evr: 7.0-10.el8
    sourcerpm: readline-7.0-10.el8.src.rpm
  - url: https://cdn-ubi.redhat.com/content/public/ubi/dist/ubi8/8/x86_64/baseos/os/Packages/r/redhat-release-8.10-0.3.el8.x86_64.rpm
    repoid: ubi-8-baseos-rpms
    size: 46580
    checksum: sha256:e0e166b34568c303eca2ff0b4ba24dc5d945b8415a5c7b1c0e8b72dd2c70434b
    name: redhat-release
    evr: 8.10-0.3.el8
    sourcerpm: redhat-release-8.10-0.3.el8.src.rpm
  - url: https://cdn-ubi.redhat.com/content/public/ubi/dist/ubi8/8/x86_64/baseos/os/Packages/s/sed-4.5-5.el8.x86_64.rpm
    repoid: ubi-8-baseos-rpms
    size: 305372
    checksum: sha256:a9ece4c02cb38584287a36c11f506f0c8a8f278724742531b9e2b0ace6585bbe
    name: sed
    evr: 4.5-5.el8
    sourcerpm: sed-4.5-5.el8.src.rpm
  - url: https://cdn-ubi.redhat.com/content/public/ubi/dist/ubi8/8/x86_64/baseos/os/Packages/s/setup-2.12.2-9.el8.noarch.rpm
    repoid: ubi-8-baseos-rpms
    size: 185300
    checksum: sha256:da010e1bf1c658361a7b2a38c86bcfc82470c994b2793f5f80509d73cb468fd6
    name: setup
    evr: 2.12.2-9.el8
    sourcerpm: setup-2.12.2-9.el8.src.rpm
  - url: https://cdn-ubi.redhat.com/content/public/ubi/dist/ubi8/8/x86_64/baseos/os/Packages/s/sqlite-libs-3.26.0-19.el8_9.x86_64.rpm
    repoid: ubi-8-baseos-rpms
    size: 595084
    checksum: sha256:4dc6160b4cdd96fc0205f18cc9f0dd0e8e276b8a05c511319469e1a7b44b2425
    name: sqlite-libs
    evr: 3.26.0-19.el8_9
    sourcerpm: sqlite-3.26.0-19.el8_9.src.rpm
  - url: https://cdn-ubi.redhat.com/content/public/ubi/dist/ubi8/8/x86_64/baseos/os/Packages/t/tzdata-2024a-1.el8.noarch.rpm
    repoid: ubi-8-baseos-rpms
    size: 486452
    checksum: sha256:a82ef1ce1668f326097a682dc125733ffc47b00fd5deb8076c98e87a331a23b7
    name: tzdata
    evr: 2024a-1.el8
    sourcerpm: tzdata-2024a-1.el8.src.rpm
  - url: https://cdn-ubi.redhat.com/content/public/ubi/dist/ubi8/8/x86_64/baseos/os/Packages/x/xz-libs-5.2.4-4.el8_6.x86_64.rpm
    repoid: ubi-8-baseos-rpms
    size: 96140
    checksum: sha256:384b65e2c4f698a7aab049df1c2dc86a03a26742852a2d69d4000e028edbcf19
    name: xz-libs
    evr: 5.2.4-4.el8_6
    sourcerpm: xz-5.2.4-4.el8_6.src.rpm
  - url: https://cdn-ubi.redhat.com/content/public/ubi/dist/ubi8/8/x86_64/baseos/os/Packages/z/zlib-1.2.11-25.el8.x86_64.rpm
    repoid: ubi-8-baseos-rpms
    size: 105848
    checksum: sha256:7b443e7b008f38c216dd7b36c0d6ce64ececd8b884a91706c7f878140ec5f332
    name: zlib
    evr: 1.2.11-25.el8
    sourcerpm: zlib-1.2.11-25.el8.src.rpm
  source: []